
Microsoft Visual Studio Solution File, Format Version 12.00
# Visual Studio 15
VisualStudioVersion = 15.0.27004.2005
MinimumVisualStudioVersion = 10.0.40219.1
Project("{FAE04EC0-301F-11D3-BF4B-00C04F79EFBC}") = "KProcess.Ksmed.Ext.K-process", "Kprocess.Ksmed.Ext.K-process\KProcess.Ksmed.Ext.K-process.csproj", "{22BCF7F5-2B2D-424D-ACFA-809FB4DC5CB3}"
EndProject
Project("{2150E333-8FDC-42A3-9474-1A3956D46DE8}") = "DlhSoft", "DlhSoft", "{9E9FAE24-E4AB-4095-B4FC-D16F9B0ED469}"
EndProject
Project("{2150E333-8FDC-42A3-9474-1A3956D46DE8}") = "Presentation", "Presentation", "{BE1E3A54-053A-4303-88C1-21F1F5137E37}"
EndProject
Project("{2150E333-8FDC-42A3-9474-1A3956D46DE8}") = "Toolkit", "Toolkit", "{18A47C96-1041-40D3-939E-10049B4A5AAA}"
EndProject
Project("{FAE04EC0-301F-11D3-BF4B-00C04F79EFBC}") = "KProcess.Business", "KL2-Core\KProcess.Business\KProcess.Business.csproj", "{41A8FD16-8AA1-48F2-AC75-CB27FFEEA2A4}"
EndProject
Project("{FAE04EC0-301F-11D3-BF4B-00C04F79EFBC}") = "KProcess.Ksmed.Models", "KL2-Core\KProcess.Ksmed.Models\KProcess.Ksmed.Models.csproj", "{F92433A9-1D2C-4E64-A29B-4AAEBCA0D3AD}"
EndProject
Project("{FAE04EC0-301F-11D3-BF4B-00C04F79EFBC}") = "KProcess.Ksmed.Security", "KL2-Core\KProcess.Ksmed.Security\KProcess.Ksmed.Security.csproj", "{4F602ABB-799B-4ED2-9C99-CB2F14380C3A}"
EndProject
Project("{FAE04EC0-301F-11D3-BF4B-00C04F79EFBC}") = "DlhSoft.HierarchicalData.LightWPF.Controls", "KL2-Core\DlhSoft.HierarchicalData.LightWPF.Controls\DlhSoft.HierarchicalData.LightWPF.Controls.csproj", "{22912E86-C4F7-4920-8167-3D67DBB3CBA1}"
EndProject
Project("{FAE04EC0-301F-11D3-BF4B-00C04F79EFBC}") = "DlhSoft.ProjectData.GanttChart.LightWPF.Controls", "KL2-Core\DlhSoft.ProjectData.GanttChart.LightWPF.Controls\DlhSoft.ProjectData.GanttChart.LightWPF.Controls.csproj", "{17CF2D11-BA9D-4BCF-A0EC-47C3B06D6F5F}"
EndProject
Project("{FAE04EC0-301F-11D3-BF4B-00C04F79EFBC}") = "KProcess.Ksmed.Business", "KL2-Core\KProcess.Ksmed.Business\KProcess.Ksmed.Business.csproj", "{A53F3357-B177-4C21-BC01-89C173694B4E}"
EndProject
Project("{FAE04EC0-301F-11D3-BF4B-00C04F79EFBC}") = "KProcess.Common", "KL2-Core\KProcess.Common\KProcess.Common.csproj", "{5D4074AA-F569-4C2A-AC8F-A486C382BFD7}"
EndProject
Project("{FAE04EC0-301F-11D3-BF4B-00C04F79EFBC}") = "KProcess.Data", "KL2-Core\KProcess.Data\KProcess.Data.csproj", "{DAB850B7-DF8F-401F-A1C6-5E9CE754D913}"
EndProject
Project("{FAE04EC0-301F-11D3-BF4B-00C04F79EFBC}") = "KProcess.Ksmed.Globalization", "KL2-Core\KProcess.Ksmed.Globalization\KProcess.Ksmed.Globalization.csproj", "{9184FA93-891F-47D9-B725-41387ED7B5DF}"
EndProject
Project("{FAE04EC0-301F-11D3-BF4B-00C04F79EFBC}") = "KProcess.Presentation.Windows", "KL2-Core\KProcess.Presentation.Windows\KProcess.Presentation.Windows.csproj", "{BA24ABBC-FE81-40B3-AB48-5E33C8FC542F}"
EndProject
Project("{FAE04EC0-301F-11D3-BF4B-00C04F79EFBC}") = "KProcess.Supervision", "KL2-Core\KProcess.Supervision\KProcess.Supervision.csproj", "{8271055C-57C4-460E-B715-730D38F86227}"
EndProject
Project("{FAE04EC0-301F-11D3-BF4B-00C04F79EFBC}") = "KProcess.Ksmed.Presentation.Core", "KL2-Core\KProcess.Ksmed.Presentation.Core\KProcess.Ksmed.Presentation.Core.csproj", "{0E402448-C15A-4C79-BEE0-5E76309639C2}"
EndProject
Project("{FAE04EC0-301F-11D3-BF4B-00C04F79EFBC}") = "KProcess.Ksmed.Presentation.ViewModels.Interfaces", "KL2-Core\KProcess.Ksmed.Presentation.ViewModels.Interfaces\KProcess.Ksmed.Presentation.ViewModels.Interfaces.csproj", "{7F137000-D591-489D-B4F6-68DC74BDCE9B}"
EndProject
Project("{FAE04EC0-301F-11D3-BF4B-00C04F79EFBC}") = "Controls.DataVisualization.Toolkit", "KL2-Core\Controls.DataVisualization.Toolkit\Controls.DataVisualization.Toolkit.csproj", "{D5DFD6FD-4935-45D2-A719-9C9268D37E41}"
EndProject
Project("{FAE04EC0-301F-11D3-BF4B-00C04F79EFBC}") = "Microsoft.Windows.Shell", "KL2-Core\Microsoft.Windows.Shell\Microsoft.Windows.Shell.csproj", "{55D5297C-F1DF-4B76-A3C1-D82CC294EEBB}"
EndProject
Project("{FAE04EC0-301F-11D3-BF4B-00C04F79EFBC}") = "KProcess.Globalization", "KL2-Core\KProcess.Globalization\KProcess.Globalization.csproj", "{0555579C-1C1B-4B94-B14C-52AB369AEEBA}"
EndProject
Project("{2150E333-8FDC-42A3-9474-1A3956D46DE8}") = "Solution Items", "Solution Items", "{C9AC5EC6-5A21-44F3-B54E-269A83A2A796}"
EndProject
Project("{2150E333-8FDC-42A3-9474-1A3956D46DE8}") = "Tasks", "Tasks", "{37DCA088-E1FB-446D-9D80-3D971DBAF330}"
	ProjectSection(SolutionItems) = preProject
		Tasks\Deploy-Local.cmd = Tasks\Deploy-Local.cmd
		Tasks\Run.cmd = Tasks\Run.cmd
	EndProjectSection
EndProject
Project("{930C7802-8A8C-48F9-8165-68863BCCD9DD}") = "KProcess.Ksmed.Ext.K-process.Setup", "KProcess.Ksmed.Ext.K-process.Setup\KProcess.Ksmed.Ext.K-process.Setup.wixproj", "{BDC7FDAC-BD0B-421D-A479-17F0210F1B91}"
EndProject
Project("{FAE04EC0-301F-11D3-BF4B-00C04F79EFBC}") = "KProcess.Ksmed.Presentation.Shell", "KL2-Core\KProcess.Ksmed.Presentation.Shell\KProcess.Ksmed.Presentation.Shell.csproj", "{20A293EA-3E0A-416F-8071-CB185AF96420}"
EndProject
Project("{FAE04EC0-301F-11D3-BF4B-00C04F79EFBC}") = "KProcess.Ksmed.Business.Impl", "KL2-Core\KProcess.Ksmed.Business.Impl\KProcess.Ksmed.Business.Impl.csproj", "{3FA35BD1-3732-4935-8593-4F7DAF2A200E}"
EndProject
Project("{FAE04EC0-301F-11D3-BF4B-00C04F79EFBC}") = "KProcess.Supervision.Log4Net", "KL2-Core\KProcess.Supervision.Log4Net\KProcess.Supervision.Log4Net.csproj", "{7389422E-2903-4B88-91E3-0EB23E6451CD}"
EndProject
Project("{2150E333-8FDC-42A3-9474-1A3956D46DE8}") = "Core", "Core", "{BA861C49-ABE7-4C0B-8BBD-7C18D68086FC}"
EndProject
Project("{FAE04EC0-301F-11D3-BF4B-00C04F79EFBC}") = "KProcess.Ksmed.Data", "KL2-Core\KProcess.Ksmed.Data\KProcess.Ksmed.Data.csproj", "{CCB03B61-1966-4315-8149-DBF77C34D7C8}"
EndProject
Project("{FAE04EC0-301F-11D3-BF4B-00C04F79EFBC}") = "KProcess.KL2.Database", "KL2-Core\KProcess.KL2.Database\KProcess.KL2.Database.csproj", "{DC11C245-69E9-4E6E-8589-7B37CE2A7B0F}"
EndProject
Project("{FAE04EC0-301F-11D3-BF4B-00C04F79EFBC}") = "KProcess.KL2.ConnectionSecurity", "KL2-Core\KProcess.KL2.ConnectionSecurity\KProcess.KL2.ConnectionSecurity.csproj", "{4F22A795-8032-4E56-A62E-035BD7B89215}"
EndProject
Project("{FAE04EC0-301F-11D3-BF4B-00C04F79EFBC}") = "AnnotationsLib", "KL2-Core\Annotations\AnnotationsLib.csproj", "{7EA2D8F6-DD75-495B-BC9B-6DACFC59FF7D}"
EndProject
Project("{FAE04EC0-301F-11D3-BF4B-00C04F79EFBC}") = "FreshDeskLib", "KL2-Core\FreshDeskLib\FreshDeskLib.csproj", "{87D995EE-486B-4B17-990C-E7D7127A4953}"
EndProject
Global
	GlobalSection(SolutionConfigurationPlatforms) = preSolution
		Debug|Any CPU = Debug|Any CPU
		Debug|x86 = Debug|x86
		Release|Any CPU = Release|Any CPU
		Release|x86 = Release|x86
		ReleaseInt|Any CPU = ReleaseInt|Any CPU
		ReleaseInt|x86 = ReleaseInt|x86
	EndGlobalSection
	GlobalSection(ProjectConfigurationPlatforms) = postSolution
		{22BCF7F5-2B2D-424D-ACFA-809FB4DC5CB3}.Debug|Any CPU.ActiveCfg = Debug|Any CPU
		{22BCF7F5-2B2D-424D-ACFA-809FB4DC5CB3}.Debug|Any CPU.Build.0 = Debug|Any CPU
		{22BCF7F5-2B2D-424D-ACFA-809FB4DC5CB3}.Debug|x86.ActiveCfg = Debug|Any CPU
		{22BCF7F5-2B2D-424D-ACFA-809FB4DC5CB3}.Debug|x86.Build.0 = Debug|Any CPU
		{22BCF7F5-2B2D-424D-ACFA-809FB4DC5CB3}.Release|Any CPU.ActiveCfg = Release|Any CPU
		{22BCF7F5-2B2D-424D-ACFA-809FB4DC5CB3}.Release|Any CPU.Build.0 = Release|Any CPU
		{22BCF7F5-2B2D-424D-ACFA-809FB4DC5CB3}.Release|x86.ActiveCfg = Release|Any CPU
		{22BCF7F5-2B2D-424D-ACFA-809FB4DC5CB3}.Release|x86.Build.0 = Release|Any CPU
		{22BCF7F5-2B2D-424D-ACFA-809FB4DC5CB3}.ReleaseInt|Any CPU.ActiveCfg = Release|Any CPU
		{22BCF7F5-2B2D-424D-ACFA-809FB4DC5CB3}.ReleaseInt|Any CPU.Build.0 = Release|Any CPU
		{22BCF7F5-2B2D-424D-ACFA-809FB4DC5CB3}.ReleaseInt|x86.ActiveCfg = Release|Any CPU
		{22BCF7F5-2B2D-424D-ACFA-809FB4DC5CB3}.ReleaseInt|x86.Build.0 = Release|Any CPU
		{41A8FD16-8AA1-48F2-AC75-CB27FFEEA2A4}.Debug|Any CPU.ActiveCfg = Debug|Any CPU
		{41A8FD16-8AA1-48F2-AC75-CB27FFEEA2A4}.Debug|Any CPU.Build.0 = Debug|Any CPU
		{41A8FD16-8AA1-48F2-AC75-CB27FFEEA2A4}.Debug|x86.ActiveCfg = Debug|Any CPU
		{41A8FD16-8AA1-48F2-AC75-CB27FFEEA2A4}.Debug|x86.Build.0 = Debug|Any CPU
		{41A8FD16-8AA1-48F2-AC75-CB27FFEEA2A4}.Release|Any CPU.ActiveCfg = Release|Any CPU
		{41A8FD16-8AA1-48F2-AC75-CB27FFEEA2A4}.Release|Any CPU.Build.0 = Release|Any CPU
		{41A8FD16-8AA1-48F2-AC75-CB27FFEEA2A4}.Release|x86.ActiveCfg = Release|Any CPU
		{41A8FD16-8AA1-48F2-AC75-CB27FFEEA2A4}.Release|x86.Build.0 = Release|Any CPU
		{41A8FD16-8AA1-48F2-AC75-CB27FFEEA2A4}.ReleaseInt|Any CPU.ActiveCfg = Release|Any CPU
		{41A8FD16-8AA1-48F2-AC75-CB27FFEEA2A4}.ReleaseInt|Any CPU.Build.0 = Release|Any CPU
		{41A8FD16-8AA1-48F2-AC75-CB27FFEEA2A4}.ReleaseInt|x86.ActiveCfg = Release|Any CPU
		{41A8FD16-8AA1-48F2-AC75-CB27FFEEA2A4}.ReleaseInt|x86.Build.0 = Release|Any CPU
		{F92433A9-1D2C-4E64-A29B-4AAEBCA0D3AD}.Debug|Any CPU.ActiveCfg = Debug|Any CPU
		{F92433A9-1D2C-4E64-A29B-4AAEBCA0D3AD}.Debug|Any CPU.Build.0 = Debug|Any CPU
		{F92433A9-1D2C-4E64-A29B-4AAEBCA0D3AD}.Debug|x86.ActiveCfg = Debug|Any CPU
		{F92433A9-1D2C-4E64-A29B-4AAEBCA0D3AD}.Debug|x86.Build.0 = Debug|Any CPU
		{F92433A9-1D2C-4E64-A29B-4AAEBCA0D3AD}.Release|Any CPU.ActiveCfg = Release|Any CPU
		{F92433A9-1D2C-4E64-A29B-4AAEBCA0D3AD}.Release|Any CPU.Build.0 = Release|Any CPU
		{F92433A9-1D2C-4E64-A29B-4AAEBCA0D3AD}.Release|x86.ActiveCfg = Release|Any CPU
		{F92433A9-1D2C-4E64-A29B-4AAEBCA0D3AD}.Release|x86.Build.0 = Release|Any CPU
		{F92433A9-1D2C-4E64-A29B-4AAEBCA0D3AD}.ReleaseInt|Any CPU.ActiveCfg = Release|Any CPU
		{F92433A9-1D2C-4E64-A29B-4AAEBCA0D3AD}.ReleaseInt|Any CPU.Build.0 = Release|Any CPU
		{F92433A9-1D2C-4E64-A29B-4AAEBCA0D3AD}.ReleaseInt|x86.ActiveCfg = Release|Any CPU
		{F92433A9-1D2C-4E64-A29B-4AAEBCA0D3AD}.ReleaseInt|x86.Build.0 = Release|Any CPU
		{4F602ABB-799B-4ED2-9C99-CB2F14380C3A}.Debug|Any CPU.ActiveCfg = Debug|Any CPU
		{4F602ABB-799B-4ED2-9C99-CB2F14380C3A}.Debug|Any CPU.Build.0 = Debug|Any CPU
		{4F602ABB-799B-4ED2-9C99-CB2F14380C3A}.Debug|x86.ActiveCfg = Debug|Any CPU
		{4F602ABB-799B-4ED2-9C99-CB2F14380C3A}.Debug|x86.Build.0 = Debug|Any CPU
		{4F602ABB-799B-4ED2-9C99-CB2F14380C3A}.Release|Any CPU.ActiveCfg = Release|Any CPU
		{4F602ABB-799B-4ED2-9C99-CB2F14380C3A}.Release|Any CPU.Build.0 = Release|Any CPU
		{4F602ABB-799B-4ED2-9C99-CB2F14380C3A}.Release|x86.ActiveCfg = Release|Any CPU
		{4F602ABB-799B-4ED2-9C99-CB2F14380C3A}.Release|x86.Build.0 = Release|Any CPU
		{4F602ABB-799B-4ED2-9C99-CB2F14380C3A}.ReleaseInt|Any CPU.ActiveCfg = Release|Any CPU
		{4F602ABB-799B-4ED2-9C99-CB2F14380C3A}.ReleaseInt|Any CPU.Build.0 = Release|Any CPU
		{4F602ABB-799B-4ED2-9C99-CB2F14380C3A}.ReleaseInt|x86.ActiveCfg = Release|Any CPU
		{4F602ABB-799B-4ED2-9C99-CB2F14380C3A}.ReleaseInt|x86.Build.0 = Release|Any CPU
		{22912E86-C4F7-4920-8167-3D67DBB3CBA1}.Debug|Any CPU.ActiveCfg = Debug|Any CPU
		{22912E86-C4F7-4920-8167-3D67DBB3CBA1}.Debug|Any CPU.Build.0 = Debug|Any CPU
		{22912E86-C4F7-4920-8167-3D67DBB3CBA1}.Debug|x86.ActiveCfg = Debug|Any CPU
		{22912E86-C4F7-4920-8167-3D67DBB3CBA1}.Debug|x86.Build.0 = Debug|Any CPU
		{22912E86-C4F7-4920-8167-3D67DBB3CBA1}.Release|Any CPU.ActiveCfg = Release|Any CPU
		{22912E86-C4F7-4920-8167-3D67DBB3CBA1}.Release|Any CPU.Build.0 = Release|Any CPU
		{22912E86-C4F7-4920-8167-3D67DBB3CBA1}.Release|x86.ActiveCfg = Release|Any CPU
		{22912E86-C4F7-4920-8167-3D67DBB3CBA1}.Release|x86.Build.0 = Release|Any CPU
		{22912E86-C4F7-4920-8167-3D67DBB3CBA1}.ReleaseInt|Any CPU.ActiveCfg = Release|Any CPU
		{22912E86-C4F7-4920-8167-3D67DBB3CBA1}.ReleaseInt|Any CPU.Build.0 = Release|Any CPU
		{22912E86-C4F7-4920-8167-3D67DBB3CBA1}.ReleaseInt|x86.ActiveCfg = Release|Any CPU
		{22912E86-C4F7-4920-8167-3D67DBB3CBA1}.ReleaseInt|x86.Build.0 = Release|Any CPU
		{17CF2D11-BA9D-4BCF-A0EC-47C3B06D6F5F}.Debug|Any CPU.ActiveCfg = Debug|Any CPU
		{17CF2D11-BA9D-4BCF-A0EC-47C3B06D6F5F}.Debug|Any CPU.Build.0 = Debug|Any CPU
		{17CF2D11-BA9D-4BCF-A0EC-47C3B06D6F5F}.Debug|x86.ActiveCfg = Debug|Any CPU
		{17CF2D11-BA9D-4BCF-A0EC-47C3B06D6F5F}.Debug|x86.Build.0 = Debug|Any CPU
		{17CF2D11-BA9D-4BCF-A0EC-47C3B06D6F5F}.Release|Any CPU.ActiveCfg = Release|Any CPU
		{17CF2D11-BA9D-4BCF-A0EC-47C3B06D6F5F}.Release|Any CPU.Build.0 = Release|Any CPU
		{17CF2D11-BA9D-4BCF-A0EC-47C3B06D6F5F}.Release|x86.ActiveCfg = Release|Any CPU
		{17CF2D11-BA9D-4BCF-A0EC-47C3B06D6F5F}.Release|x86.Build.0 = Release|Any CPU
		{17CF2D11-BA9D-4BCF-A0EC-47C3B06D6F5F}.ReleaseInt|Any CPU.ActiveCfg = Release|Any CPU
		{17CF2D11-BA9D-4BCF-A0EC-47C3B06D6F5F}.ReleaseInt|Any CPU.Build.0 = Release|Any CPU
		{17CF2D11-BA9D-4BCF-A0EC-47C3B06D6F5F}.ReleaseInt|x86.ActiveCfg = Release|Any CPU
		{17CF2D11-BA9D-4BCF-A0EC-47C3B06D6F5F}.ReleaseInt|x86.Build.0 = Release|Any CPU
		{A53F3357-B177-4C21-BC01-89C173694B4E}.Debug|Any CPU.ActiveCfg = Debug|Any CPU
		{A53F3357-B177-4C21-BC01-89C173694B4E}.Debug|Any CPU.Build.0 = Debug|Any CPU
		{A53F3357-B177-4C21-BC01-89C173694B4E}.Debug|x86.ActiveCfg = Debug|Any CPU
		{A53F3357-B177-4C21-BC01-89C173694B4E}.Debug|x86.Build.0 = Debug|Any CPU
		{A53F3357-B177-4C21-BC01-89C173694B4E}.Release|Any CPU.ActiveCfg = Release|Any CPU
		{A53F3357-B177-4C21-BC01-89C173694B4E}.Release|Any CPU.Build.0 = Release|Any CPU
		{A53F3357-B177-4C21-BC01-89C173694B4E}.Release|x86.ActiveCfg = Release|Any CPU
		{A53F3357-B177-4C21-BC01-89C173694B4E}.Release|x86.Build.0 = Release|Any CPU
		{A53F3357-B177-4C21-BC01-89C173694B4E}.ReleaseInt|Any CPU.ActiveCfg = Release|Any CPU
		{A53F3357-B177-4C21-BC01-89C173694B4E}.ReleaseInt|Any CPU.Build.0 = Release|Any CPU
		{A53F3357-B177-4C21-BC01-89C173694B4E}.ReleaseInt|x86.ActiveCfg = Release|Any CPU
		{A53F3357-B177-4C21-BC01-89C173694B4E}.ReleaseInt|x86.Build.0 = Release|Any CPU
		{5D4074AA-F569-4C2A-AC8F-A486C382BFD7}.Debug|Any CPU.ActiveCfg = Debug|Any CPU
		{5D4074AA-F569-4C2A-AC8F-A486C382BFD7}.Debug|Any CPU.Build.0 = Debug|Any CPU
		{5D4074AA-F569-4C2A-AC8F-A486C382BFD7}.Debug|x86.ActiveCfg = Debug|Any CPU
		{5D4074AA-F569-4C2A-AC8F-A486C382BFD7}.Debug|x86.Build.0 = Debug|Any CPU
		{5D4074AA-F569-4C2A-AC8F-A486C382BFD7}.Release|Any CPU.ActiveCfg = Release|Any CPU
		{5D4074AA-F569-4C2A-AC8F-A486C382BFD7}.Release|Any CPU.Build.0 = Release|Any CPU
		{5D4074AA-F569-4C2A-AC8F-A486C382BFD7}.Release|x86.ActiveCfg = Release|Any CPU
		{5D4074AA-F569-4C2A-AC8F-A486C382BFD7}.Release|x86.Build.0 = Release|Any CPU
		{5D4074AA-F569-4C2A-AC8F-A486C382BFD7}.ReleaseInt|Any CPU.ActiveCfg = Release|Any CPU
		{5D4074AA-F569-4C2A-AC8F-A486C382BFD7}.ReleaseInt|Any CPU.Build.0 = Release|Any CPU
		{5D4074AA-F569-4C2A-AC8F-A486C382BFD7}.ReleaseInt|x86.ActiveCfg = Release|Any CPU
		{5D4074AA-F569-4C2A-AC8F-A486C382BFD7}.ReleaseInt|x86.Build.0 = Release|Any CPU
		{DAB850B7-DF8F-401F-A1C6-5E9CE754D913}.Debug|Any CPU.ActiveCfg = Debug|Any CPU
		{DAB850B7-DF8F-401F-A1C6-5E9CE754D913}.Debug|Any CPU.Build.0 = Debug|Any CPU
		{DAB850B7-DF8F-401F-A1C6-5E9CE754D913}.Debug|x86.ActiveCfg = Debug|Any CPU
		{DAB850B7-DF8F-401F-A1C6-5E9CE754D913}.Debug|x86.Build.0 = Debug|Any CPU
		{DAB850B7-DF8F-401F-A1C6-5E9CE754D913}.Release|Any CPU.ActiveCfg = Release|Any CPU
		{DAB850B7-DF8F-401F-A1C6-5E9CE754D913}.Release|Any CPU.Build.0 = Release|Any CPU
		{DAB850B7-DF8F-401F-A1C6-5E9CE754D913}.Release|x86.ActiveCfg = Release|Any CPU
		{DAB850B7-DF8F-401F-A1C6-5E9CE754D913}.Release|x86.Build.0 = Release|Any CPU
		{DAB850B7-DF8F-401F-A1C6-5E9CE754D913}.ReleaseInt|Any CPU.ActiveCfg = Release|Any CPU
		{DAB850B7-DF8F-401F-A1C6-5E9CE754D913}.ReleaseInt|Any CPU.Build.0 = Release|Any CPU
		{DAB850B7-DF8F-401F-A1C6-5E9CE754D913}.ReleaseInt|x86.ActiveCfg = Release|Any CPU
		{DAB850B7-DF8F-401F-A1C6-5E9CE754D913}.ReleaseInt|x86.Build.0 = Release|Any CPU
		{9184FA93-891F-47D9-B725-41387ED7B5DF}.Debug|Any CPU.ActiveCfg = Debug|Any CPU
		{9184FA93-891F-47D9-B725-41387ED7B5DF}.Debug|Any CPU.Build.0 = Debug|Any CPU
		{9184FA93-891F-47D9-B725-41387ED7B5DF}.Debug|x86.ActiveCfg = Debug|Any CPU
		{9184FA93-891F-47D9-B725-41387ED7B5DF}.Debug|x86.Build.0 = Debug|Any CPU
		{9184FA93-891F-47D9-B725-41387ED7B5DF}.Release|Any CPU.ActiveCfg = Release|Any CPU
		{9184FA93-891F-47D9-B725-41387ED7B5DF}.Release|Any CPU.Build.0 = Release|Any CPU
		{9184FA93-891F-47D9-B725-41387ED7B5DF}.Release|x86.ActiveCfg = Release|Any CPU
		{9184FA93-891F-47D9-B725-41387ED7B5DF}.Release|x86.Build.0 = Release|Any CPU
		{9184FA93-891F-47D9-B725-41387ED7B5DF}.ReleaseInt|Any CPU.ActiveCfg = Release|Any CPU
		{9184FA93-891F-47D9-B725-41387ED7B5DF}.ReleaseInt|Any CPU.Build.0 = Release|Any CPU
		{9184FA93-891F-47D9-B725-41387ED7B5DF}.ReleaseInt|x86.ActiveCfg = Release|Any CPU
		{9184FA93-891F-47D9-B725-41387ED7B5DF}.ReleaseInt|x86.Build.0 = Release|Any CPU
		{BA24ABBC-FE81-40B3-AB48-5E33C8FC542F}.Debug|Any CPU.ActiveCfg = Debug|Any CPU
		{BA24ABBC-FE81-40B3-AB48-5E33C8FC542F}.Debug|Any CPU.Build.0 = Debug|Any CPU
		{BA24ABBC-FE81-40B3-AB48-5E33C8FC542F}.Debug|x86.ActiveCfg = Debug|Any CPU
		{BA24ABBC-FE81-40B3-AB48-5E33C8FC542F}.Debug|x86.Build.0 = Debug|Any CPU
		{BA24ABBC-FE81-40B3-AB48-5E33C8FC542F}.Release|Any CPU.ActiveCfg = Release|Any CPU
		{BA24ABBC-FE81-40B3-AB48-5E33C8FC542F}.Release|Any CPU.Build.0 = Release|Any CPU
		{BA24ABBC-FE81-40B3-AB48-5E33C8FC542F}.Release|x86.ActiveCfg = Release|Any CPU
		{BA24ABBC-FE81-40B3-AB48-5E33C8FC542F}.Release|x86.Build.0 = Release|Any CPU
		{BA24ABBC-FE81-40B3-AB48-5E33C8FC542F}.ReleaseInt|Any CPU.ActiveCfg = Release|Any CPU
		{BA24ABBC-FE81-40B3-AB48-5E33C8FC542F}.ReleaseInt|Any CPU.Build.0 = Release|Any CPU
		{BA24ABBC-FE81-40B3-AB48-5E33C8FC542F}.ReleaseInt|x86.ActiveCfg = Release|Any CPU
		{BA24ABBC-FE81-40B3-AB48-5E33C8FC542F}.ReleaseInt|x86.Build.0 = Release|Any CPU
		{8271055C-57C4-460E-B715-730D38F86227}.Debug|Any CPU.ActiveCfg = Debug|Any CPU
		{8271055C-57C4-460E-B715-730D38F86227}.Debug|Any CPU.Build.0 = Debug|Any CPU
		{8271055C-57C4-460E-B715-730D38F86227}.Debug|x86.ActiveCfg = Debug|Any CPU
		{8271055C-57C4-460E-B715-730D38F86227}.Debug|x86.Build.0 = Debug|Any CPU
		{8271055C-57C4-460E-B715-730D38F86227}.Release|Any CPU.ActiveCfg = Release|Any CPU
		{8271055C-57C4-460E-B715-730D38F86227}.Release|Any CPU.Build.0 = Release|Any CPU
		{8271055C-57C4-460E-B715-730D38F86227}.Release|x86.ActiveCfg = Release|Any CPU
		{8271055C-57C4-460E-B715-730D38F86227}.Release|x86.Build.0 = Release|Any CPU
		{8271055C-57C4-460E-B715-730D38F86227}.ReleaseInt|Any CPU.ActiveCfg = Release|Any CPU
		{8271055C-57C4-460E-B715-730D38F86227}.ReleaseInt|Any CPU.Build.0 = Release|Any CPU
		{8271055C-57C4-460E-B715-730D38F86227}.ReleaseInt|x86.ActiveCfg = Release|Any CPU
		{8271055C-57C4-460E-B715-730D38F86227}.ReleaseInt|x86.Build.0 = Release|Any CPU
		{0E402448-C15A-4C79-BEE0-5E76309639C2}.Debug|Any CPU.ActiveCfg = Debug|Any CPU
		{0E402448-C15A-4C79-BEE0-5E76309639C2}.Debug|Any CPU.Build.0 = Debug|Any CPU
		{0E402448-C15A-4C79-BEE0-5E76309639C2}.Debug|x86.ActiveCfg = Debug|Any CPU
		{0E402448-C15A-4C79-BEE0-5E76309639C2}.Debug|x86.Build.0 = Debug|Any CPU
		{0E402448-C15A-4C79-BEE0-5E76309639C2}.Release|Any CPU.ActiveCfg = Release|Any CPU
		{0E402448-C15A-4C79-BEE0-5E76309639C2}.Release|Any CPU.Build.0 = Release|Any CPU
		{0E402448-C15A-4C79-BEE0-5E76309639C2}.Release|x86.ActiveCfg = Release|Any CPU
		{0E402448-C15A-4C79-BEE0-5E76309639C2}.Release|x86.Build.0 = Release|Any CPU
		{0E402448-C15A-4C79-BEE0-5E76309639C2}.ReleaseInt|Any CPU.ActiveCfg = Release|Any CPU
		{0E402448-C15A-4C79-BEE0-5E76309639C2}.ReleaseInt|Any CPU.Build.0 = Release|Any CPU
		{0E402448-C15A-4C79-BEE0-5E76309639C2}.ReleaseInt|x86.ActiveCfg = Release|Any CPU
		{0E402448-C15A-4C79-BEE0-5E76309639C2}.ReleaseInt|x86.Build.0 = Release|Any CPU
		{7F137000-D591-489D-B4F6-68DC74BDCE9B}.Debug|Any CPU.ActiveCfg = Debug|Any CPU
		{7F137000-D591-489D-B4F6-68DC74BDCE9B}.Debug|Any CPU.Build.0 = Debug|Any CPU
		{7F137000-D591-489D-B4F6-68DC74BDCE9B}.Debug|x86.ActiveCfg = Debug|Any CPU
		{7F137000-D591-489D-B4F6-68DC74BDCE9B}.Debug|x86.Build.0 = Debug|Any CPU
		{7F137000-D591-489D-B4F6-68DC74BDCE9B}.Release|Any CPU.ActiveCfg = Release|Any CPU
		{7F137000-D591-489D-B4F6-68DC74BDCE9B}.Release|Any CPU.Build.0 = Release|Any CPU
		{7F137000-D591-489D-B4F6-68DC74BDCE9B}.Release|x86.ActiveCfg = Release|Any CPU
		{7F137000-D591-489D-B4F6-68DC74BDCE9B}.Release|x86.Build.0 = Release|Any CPU
		{7F137000-D591-489D-B4F6-68DC74BDCE9B}.ReleaseInt|Any CPU.ActiveCfg = Release|Any CPU
		{7F137000-D591-489D-B4F6-68DC74BDCE9B}.ReleaseInt|Any CPU.Build.0 = Release|Any CPU
		{7F137000-D591-489D-B4F6-68DC74BDCE9B}.ReleaseInt|x86.ActiveCfg = Release|Any CPU
		{7F137000-D591-489D-B4F6-68DC74BDCE9B}.ReleaseInt|x86.Build.0 = Release|Any CPU
		{D5DFD6FD-4935-45D2-A719-9C9268D37E41}.Debug|Any CPU.ActiveCfg = Debug|Any CPU
		{D5DFD6FD-4935-45D2-A719-9C9268D37E41}.Debug|Any CPU.Build.0 = Debug|Any CPU
		{D5DFD6FD-4935-45D2-A719-9C9268D37E41}.Debug|x86.ActiveCfg = Debug|Any CPU
		{D5DFD6FD-4935-45D2-A719-9C9268D37E41}.Debug|x86.Build.0 = Debug|Any CPU
		{D5DFD6FD-4935-45D2-A719-9C9268D37E41}.Release|Any CPU.ActiveCfg = Release|Any CPU
		{D5DFD6FD-4935-45D2-A719-9C9268D37E41}.Release|Any CPU.Build.0 = Release|Any CPU
		{D5DFD6FD-4935-45D2-A719-9C9268D37E41}.Release|x86.ActiveCfg = Release|Any CPU
		{D5DFD6FD-4935-45D2-A719-9C9268D37E41}.Release|x86.Build.0 = Release|Any CPU
		{D5DFD6FD-4935-45D2-A719-9C9268D37E41}.ReleaseInt|Any CPU.ActiveCfg = Release|Any CPU
		{D5DFD6FD-4935-45D2-A719-9C9268D37E41}.ReleaseInt|Any CPU.Build.0 = Release|Any CPU
		{D5DFD6FD-4935-45D2-A719-9C9268D37E41}.ReleaseInt|x86.ActiveCfg = Release|Any CPU
		{D5DFD6FD-4935-45D2-A719-9C9268D37E41}.ReleaseInt|x86.Build.0 = Release|Any CPU
		{55D5297C-F1DF-4B76-A3C1-D82CC294EEBB}.Debug|Any CPU.ActiveCfg = Debug|Any CPU
		{55D5297C-F1DF-4B76-A3C1-D82CC294EEBB}.Debug|Any CPU.Build.0 = Debug|Any CPU
		{55D5297C-F1DF-4B76-A3C1-D82CC294EEBB}.Debug|x86.ActiveCfg = Debug|Any CPU
		{55D5297C-F1DF-4B76-A3C1-D82CC294EEBB}.Debug|x86.Build.0 = Debug|Any CPU
		{55D5297C-F1DF-4B76-A3C1-D82CC294EEBB}.Release|Any CPU.ActiveCfg = Release|Any CPU
		{55D5297C-F1DF-4B76-A3C1-D82CC294EEBB}.Release|Any CPU.Build.0 = Release|Any CPU
		{55D5297C-F1DF-4B76-A3C1-D82CC294EEBB}.Release|x86.ActiveCfg = Release|Any CPU
		{55D5297C-F1DF-4B76-A3C1-D82CC294EEBB}.Release|x86.Build.0 = Release|Any CPU
		{55D5297C-F1DF-4B76-A3C1-D82CC294EEBB}.ReleaseInt|Any CPU.ActiveCfg = Release|Any CPU
		{55D5297C-F1DF-4B76-A3C1-D82CC294EEBB}.ReleaseInt|Any CPU.Build.0 = Release|Any CPU
		{55D5297C-F1DF-4B76-A3C1-D82CC294EEBB}.ReleaseInt|x86.ActiveCfg = Release|Any CPU
		{55D5297C-F1DF-4B76-A3C1-D82CC294EEBB}.ReleaseInt|x86.Build.0 = Release|Any CPU
		{0555579C-1C1B-4B94-B14C-52AB369AEEBA}.Debug|Any CPU.ActiveCfg = Debug|Any CPU
		{0555579C-1C1B-4B94-B14C-52AB369AEEBA}.Debug|Any CPU.Build.0 = Debug|Any CPU
		{0555579C-1C1B-4B94-B14C-52AB369AEEBA}.Debug|x86.ActiveCfg = Debug|Any CPU
		{0555579C-1C1B-4B94-B14C-52AB369AEEBA}.Debug|x86.Build.0 = Debug|Any CPU
		{0555579C-1C1B-4B94-B14C-52AB369AEEBA}.Release|Any CPU.ActiveCfg = Release|Any CPU
		{0555579C-1C1B-4B94-B14C-52AB369AEEBA}.Release|Any CPU.Build.0 = Release|Any CPU
		{0555579C-1C1B-4B94-B14C-52AB369AEEBA}.Release|x86.ActiveCfg = Release|Any CPU
		{0555579C-1C1B-4B94-B14C-52AB369AEEBA}.Release|x86.Build.0 = Release|Any CPU
		{0555579C-1C1B-4B94-B14C-52AB369AEEBA}.ReleaseInt|Any CPU.ActiveCfg = Release|Any CPU
		{0555579C-1C1B-4B94-B14C-52AB369AEEBA}.ReleaseInt|Any CPU.Build.0 = Release|Any CPU
		{0555579C-1C1B-4B94-B14C-52AB369AEEBA}.ReleaseInt|x86.ActiveCfg = Release|Any CPU
		{0555579C-1C1B-4B94-B14C-52AB369AEEBA}.ReleaseInt|x86.Build.0 = Release|Any CPU
		{BDC7FDAC-BD0B-421D-A479-17F0210F1B91}.Debug|Any CPU.ActiveCfg = Debug|x86
		{BDC7FDAC-BD0B-421D-A479-17F0210F1B91}.Debug|x86.ActiveCfg = Debug|x86
		{BDC7FDAC-BD0B-421D-A479-17F0210F1B91}.Debug|x86.Build.0 = Debug|x86
		{BDC7FDAC-BD0B-421D-A479-17F0210F1B91}.Release|Any CPU.ActiveCfg = Release|x86
		{BDC7FDAC-BD0B-421D-A479-17F0210F1B91}.Release|x86.ActiveCfg = Release|x86
		{BDC7FDAC-BD0B-421D-A479-17F0210F1B91}.Release|x86.Build.0 = Release|x86
		{BDC7FDAC-BD0B-421D-A479-17F0210F1B91}.ReleaseInt|Any CPU.ActiveCfg = Release|x86
		{BDC7FDAC-BD0B-421D-A479-17F0210F1B91}.ReleaseInt|Any CPU.Build.0 = Release|x86
		{BDC7FDAC-BD0B-421D-A479-17F0210F1B91}.ReleaseInt|x86.ActiveCfg = Release|x86
		{BDC7FDAC-BD0B-421D-A479-17F0210F1B91}.ReleaseInt|x86.Build.0 = Release|x86
		{20A293EA-3E0A-416F-8071-CB185AF96420}.Debug|Any CPU.ActiveCfg = Debug|x86
		{20A293EA-3E0A-416F-8071-CB185AF96420}.Debug|x86.ActiveCfg = Debug|x86
		{20A293EA-3E0A-416F-8071-CB185AF96420}.Debug|x86.Build.0 = Debug|x86
		{20A293EA-3E0A-416F-8071-CB185AF96420}.Release|Any CPU.ActiveCfg = Release|x86
		{20A293EA-3E0A-416F-8071-CB185AF96420}.Release|x86.ActiveCfg = Release|x86
		{20A293EA-3E0A-416F-8071-CB185AF96420}.Release|x86.Build.0 = Release|x86
		{20A293EA-3E0A-416F-8071-CB185AF96420}.ReleaseInt|Any CPU.ActiveCfg = ReleaseInt|x86
		{20A293EA-3E0A-416F-8071-CB185AF96420}.ReleaseInt|x86.ActiveCfg = ReleaseInt|x86
		{20A293EA-3E0A-416F-8071-CB185AF96420}.ReleaseInt|x86.Build.0 = ReleaseInt|x86
		{3FA35BD1-3732-4935-8593-4F7DAF2A200E}.Debug|Any CPU.ActiveCfg = Debug|Any CPU
		{3FA35BD1-3732-4935-8593-4F7DAF2A200E}.Debug|Any CPU.Build.0 = Debug|Any CPU
		{3FA35BD1-3732-4935-8593-4F7DAF2A200E}.Debug|x86.ActiveCfg = Debug|Any CPU
		{3FA35BD1-3732-4935-8593-4F7DAF2A200E}.Debug|x86.Build.0 = Debug|Any CPU
		{3FA35BD1-3732-4935-8593-4F7DAF2A200E}.Release|Any CPU.ActiveCfg = Release|Any CPU
		{3FA35BD1-3732-4935-8593-4F7DAF2A200E}.Release|Any CPU.Build.0 = Release|Any CPU
		{3FA35BD1-3732-4935-8593-4F7DAF2A200E}.Release|x86.ActiveCfg = Release|Any CPU
		{3FA35BD1-3732-4935-8593-4F7DAF2A200E}.Release|x86.Build.0 = Release|Any CPU
		{3FA35BD1-3732-4935-8593-4F7DAF2A200E}.ReleaseInt|Any CPU.ActiveCfg = Release|Any CPU
		{3FA35BD1-3732-4935-8593-4F7DAF2A200E}.ReleaseInt|Any CPU.Build.0 = Release|Any CPU
		{3FA35BD1-3732-4935-8593-4F7DAF2A200E}.ReleaseInt|x86.ActiveCfg = Release|Any CPU
		{3FA35BD1-3732-4935-8593-4F7DAF2A200E}.ReleaseInt|x86.Build.0 = Release|Any CPU
		{7389422E-2903-4B88-91E3-0EB23E6451CD}.Debug|Any CPU.ActiveCfg = Debug|Any CPU
		{7389422E-2903-4B88-91E3-0EB23E6451CD}.Debug|Any CPU.Build.0 = Debug|Any CPU
		{7389422E-2903-4B88-91E3-0EB23E6451CD}.Debug|x86.ActiveCfg = Debug|Any CPU
		{7389422E-2903-4B88-91E3-0EB23E6451CD}.Debug|x86.Build.0 = Debug|Any CPU
		{7389422E-2903-4B88-91E3-0EB23E6451CD}.Release|Any CPU.ActiveCfg = Release|Any CPU
		{7389422E-2903-4B88-91E3-0EB23E6451CD}.Release|Any CPU.Build.0 = Release|Any CPU
		{7389422E-2903-4B88-91E3-0EB23E6451CD}.Release|x86.ActiveCfg = Release|Any CPU
		{7389422E-2903-4B88-91E3-0EB23E6451CD}.Release|x86.Build.0 = Release|Any CPU
		{7389422E-2903-4B88-91E3-0EB23E6451CD}.ReleaseInt|Any CPU.ActiveCfg = Release|Any CPU
		{7389422E-2903-4B88-91E3-0EB23E6451CD}.ReleaseInt|Any CPU.Build.0 = Release|Any CPU
		{7389422E-2903-4B88-91E3-0EB23E6451CD}.ReleaseInt|x86.ActiveCfg = Release|Any CPU
		{7389422E-2903-4B88-91E3-0EB23E6451CD}.ReleaseInt|x86.Build.0 = Release|Any CPU
		{CCB03B61-1966-4315-8149-DBF77C34D7C8}.Debug|Any CPU.ActiveCfg = Debug|Any CPU
		{CCB03B61-1966-4315-8149-DBF77C34D7C8}.Debug|Any CPU.Build.0 = Debug|Any CPU
		{CCB03B61-1966-4315-8149-DBF77C34D7C8}.Debug|x86.ActiveCfg = Debug|Any CPU
		{CCB03B61-1966-4315-8149-DBF77C34D7C8}.Debug|x86.Build.0 = Debug|Any CPU
		{CCB03B61-1966-4315-8149-DBF77C34D7C8}.Release|Any CPU.ActiveCfg = Release|Any CPU
		{CCB03B61-1966-4315-8149-DBF77C34D7C8}.Release|Any CPU.Build.0 = Release|Any CPU
		{CCB03B61-1966-4315-8149-DBF77C34D7C8}.Release|x86.ActiveCfg = Release|Any CPU
		{CCB03B61-1966-4315-8149-DBF77C34D7C8}.Release|x86.Build.0 = Release|Any CPU
		{CCB03B61-1966-4315-8149-DBF77C34D7C8}.ReleaseInt|Any CPU.ActiveCfg = Release|Any CPU
		{CCB03B61-1966-4315-8149-DBF77C34D7C8}.ReleaseInt|Any CPU.Build.0 = Release|Any CPU
		{CCB03B61-1966-4315-8149-DBF77C34D7C8}.ReleaseInt|x86.ActiveCfg = Release|Any CPU
		{CCB03B61-1966-4315-8149-DBF77C34D7C8}.ReleaseInt|x86.Build.0 = Release|Any CPU
		{DC11C245-69E9-4E6E-8589-7B37CE2A7B0F}.Debug|Any CPU.ActiveCfg = Debug|Any CPU
		{DC11C245-69E9-4E6E-8589-7B37CE2A7B0F}.Debug|Any CPU.Build.0 = Debug|Any CPU
		{DC11C245-69E9-4E6E-8589-7B37CE2A7B0F}.Debug|x86.ActiveCfg = Debug|Any CPU
		{DC11C245-69E9-4E6E-8589-7B37CE2A7B0F}.Debug|x86.Build.0 = Debug|Any CPU
		{DC11C245-69E9-4E6E-8589-7B37CE2A7B0F}.Release|Any CPU.ActiveCfg = Release|Any CPU
		{DC11C245-69E9-4E6E-8589-7B37CE2A7B0F}.Release|Any CPU.Build.0 = Release|Any CPU
		{DC11C245-69E9-4E6E-8589-7B37CE2A7B0F}.Release|x86.ActiveCfg = Release|Any CPU
		{DC11C245-69E9-4E6E-8589-7B37CE2A7B0F}.Release|x86.Build.0 = Release|Any CPU
		{DC11C245-69E9-4E6E-8589-7B37CE2A7B0F}.ReleaseInt|Any CPU.ActiveCfg = Release|Any CPU
		{DC11C245-69E9-4E6E-8589-7B37CE2A7B0F}.ReleaseInt|Any CPU.Build.0 = Release|Any CPU
		{DC11C245-69E9-4E6E-8589-7B37CE2A7B0F}.ReleaseInt|x86.ActiveCfg = Release|Any CPU
		{DC11C245-69E9-4E6E-8589-7B37CE2A7B0F}.ReleaseInt|x86.Build.0 = Release|Any CPU
		{4F22A795-8032-4E56-A62E-035BD7B89215}.Debug|Any CPU.ActiveCfg = Debug|Any CPU
		{4F22A795-8032-4E56-A62E-035BD7B89215}.Debug|Any CPU.Build.0 = Debug|Any CPU
		{4F22A795-8032-4E56-A62E-035BD7B89215}.Debug|x86.ActiveCfg = Debug|Any CPU
		{4F22A795-8032-4E56-A62E-035BD7B89215}.Debug|x86.Build.0 = Debug|Any CPU
		{4F22A795-8032-4E56-A62E-035BD7B89215}.Release|Any CPU.ActiveCfg = Release|Any CPU
		{4F22A795-8032-4E56-A62E-035BD7B89215}.Release|Any CPU.Build.0 = Release|Any CPU
		{4F22A795-8032-4E56-A62E-035BD7B89215}.Release|x86.ActiveCfg = Release|Any CPU
		{4F22A795-8032-4E56-A62E-035BD7B89215}.Release|x86.Build.0 = Release|Any CPU
		{4F22A795-8032-4E56-A62E-035BD7B89215}.ReleaseInt|Any CPU.ActiveCfg = Release|Any CPU
		{4F22A795-8032-4E56-A62E-035BD7B89215}.ReleaseInt|Any CPU.Build.0 = Release|Any CPU
		{4F22A795-8032-4E56-A62E-035BD7B89215}.ReleaseInt|x86.ActiveCfg = Release|Any CPU
		{4F22A795-8032-4E56-A62E-035BD7B89215}.ReleaseInt|x86.Build.0 = Release|Any CPU
		{7EA2D8F6-DD75-495B-BC9B-6DACFC59FF7D}.Debug|Any CPU.ActiveCfg = Debug|Any CPU
		{7EA2D8F6-DD75-495B-BC9B-6DACFC59FF7D}.Debug|Any CPU.Build.0 = Debug|Any CPU
		{7EA2D8F6-DD75-495B-BC9B-6DACFC59FF7D}.Debug|x86.ActiveCfg = Debug|Any CPU
		{7EA2D8F6-DD75-495B-BC9B-6DACFC59FF7D}.Debug|x86.Build.0 = Debug|Any CPU
		{7EA2D8F6-DD75-495B-BC9B-6DACFC59FF7D}.Release|Any CPU.ActiveCfg = Release|Any CPU
		{7EA2D8F6-DD75-495B-BC9B-6DACFC59FF7D}.Release|Any CPU.Build.0 = Release|Any CPU
		{7EA2D8F6-DD75-495B-BC9B-6DACFC59FF7D}.Release|x86.ActiveCfg = Release|Any CPU
		{7EA2D8F6-DD75-495B-BC9B-6DACFC59FF7D}.Release|x86.Build.0 = Release|Any CPU
		{7EA2D8F6-DD75-495B-BC9B-6DACFC59FF7D}.ReleaseInt|Any CPU.ActiveCfg = Release|Any CPU
		{7EA2D8F6-DD75-495B-BC9B-6DACFC59FF7D}.ReleaseInt|Any CPU.Build.0 = Release|Any CPU
		{7EA2D8F6-DD75-495B-BC9B-6DACFC59FF7D}.ReleaseInt|x86.ActiveCfg = Release|Any CPU
		{7EA2D8F6-DD75-495B-BC9B-6DACFC59FF7D}.ReleaseInt|x86.Build.0 = Release|Any CPU
		{87D995EE-486B-4B17-990C-E7D7127A4953}.Debug|Any CPU.ActiveCfg = Debug|Any CPU
		{87D995EE-486B-4B17-990C-E7D7127A4953}.Debug|Any CPU.Build.0 = Debug|Any CPU
		{87D995EE-486B-4B17-990C-E7D7127A4953}.Debug|x86.ActiveCfg = Debug|Any CPU
		{87D995EE-486B-4B17-990C-E7D7127A4953}.Debug|x86.Build.0 = Debug|Any CPU
		{87D995EE-486B-4B17-990C-E7D7127A4953}.Release|Any CPU.ActiveCfg = Release|Any CPU
		{87D995EE-486B-4B17-990C-E7D7127A4953}.Release|Any CPU.Build.0 = Release|Any CPU
		{87D995EE-486B-4B17-990C-E7D7127A4953}.Release|x86.ActiveCfg = Release|Any CPU
		{87D995EE-486B-4B17-990C-E7D7127A4953}.Release|x86.Build.0 = Release|Any CPU
		{87D995EE-486B-4B17-990C-E7D7127A4953}.ReleaseInt|Any CPU.ActiveCfg = Release|Any CPU
		{87D995EE-486B-4B17-990C-E7D7127A4953}.ReleaseInt|Any CPU.Build.0 = Release|Any CPU
		{87D995EE-486B-4B17-990C-E7D7127A4953}.ReleaseInt|x86.ActiveCfg = Release|Any CPU
		{87D995EE-486B-4B17-990C-E7D7127A4953}.ReleaseInt|x86.Build.0 = Release|Any CPU
	EndGlobalSection
	GlobalSection(SolutionProperties) = preSolution
		HideSolutionNode = FALSE
	EndGlobalSection
	GlobalSection(NestedProjects) = preSolution
		{9E9FAE24-E4AB-4095-B4FC-D16F9B0ED469} = {BA861C49-ABE7-4C0B-8BBD-7C18D68086FC}
		{BE1E3A54-053A-4303-88C1-21F1F5137E37} = {BA861C49-ABE7-4C0B-8BBD-7C18D68086FC}
		{18A47C96-1041-40D3-939E-10049B4A5AAA} = {BA861C49-ABE7-4C0B-8BBD-7C18D68086FC}
		{41A8FD16-8AA1-48F2-AC75-CB27FFEEA2A4} = {BA861C49-ABE7-4C0B-8BBD-7C18D68086FC}
		{F92433A9-1D2C-4E64-A29B-4AAEBCA0D3AD} = {BA861C49-ABE7-4C0B-8BBD-7C18D68086FC}
		{4F602ABB-799B-4ED2-9C99-CB2F14380C3A} = {BA861C49-ABE7-4C0B-8BBD-7C18D68086FC}
		{22912E86-C4F7-4920-8167-3D67DBB3CBA1} = {9E9FAE24-E4AB-4095-B4FC-D16F9B0ED469}
		{17CF2D11-BA9D-4BCF-A0EC-47C3B06D6F5F} = {9E9FAE24-E4AB-4095-B4FC-D16F9B0ED469}
		{A53F3357-B177-4C21-BC01-89C173694B4E} = {BA861C49-ABE7-4C0B-8BBD-7C18D68086FC}
		{5D4074AA-F569-4C2A-AC8F-A486C382BFD7} = {BA861C49-ABE7-4C0B-8BBD-7C18D68086FC}
		{DAB850B7-DF8F-401F-A1C6-5E9CE754D913} = {BA861C49-ABE7-4C0B-8BBD-7C18D68086FC}
		{9184FA93-891F-47D9-B725-41387ED7B5DF} = {BA861C49-ABE7-4C0B-8BBD-7C18D68086FC}
		{BA24ABBC-FE81-40B3-AB48-5E33C8FC542F} = {BA861C49-ABE7-4C0B-8BBD-7C18D68086FC}
		{8271055C-57C4-460E-B715-730D38F86227} = {BA861C49-ABE7-4C0B-8BBD-7C18D68086FC}
		{0E402448-C15A-4C79-BEE0-5E76309639C2} = {BE1E3A54-053A-4303-88C1-21F1F5137E37}
		{7F137000-D591-489D-B4F6-68DC74BDCE9B} = {BE1E3A54-053A-4303-88C1-21F1F5137E37}
		{D5DFD6FD-4935-45D2-A719-9C9268D37E41} = {18A47C96-1041-40D3-939E-10049B4A5AAA}
		{55D5297C-F1DF-4B76-A3C1-D82CC294EEBB} = {18A47C96-1041-40D3-939E-10049B4A5AAA}
		{0555579C-1C1B-4B94-B14C-52AB369AEEBA} = {BA861C49-ABE7-4C0B-8BBD-7C18D68086FC}
		{37DCA088-E1FB-446D-9D80-3D971DBAF330} = {C9AC5EC6-5A21-44F3-B54E-269A83A2A796}
		{3FA35BD1-3732-4935-8593-4F7DAF2A200E} = {BA861C49-ABE7-4C0B-8BBD-7C18D68086FC}
		{7389422E-2903-4B88-91E3-0EB23E6451CD} = {BA861C49-ABE7-4C0B-8BBD-7C18D68086FC}
		{CCB03B61-1966-4315-8149-DBF77C34D7C8} = {BA861C49-ABE7-4C0B-8BBD-7C18D68086FC}
		{DC11C245-69E9-4E6E-8589-7B37CE2A7B0F} = {BA861C49-ABE7-4C0B-8BBD-7C18D68086FC}
		{4F22A795-8032-4E56-A62E-035BD7B89215} = {BA861C49-ABE7-4C0B-8BBD-7C18D68086FC}
		{7EA2D8F6-DD75-495B-BC9B-6DACFC59FF7D} = {BA861C49-ABE7-4C0B-8BBD-7C18D68086FC}
		{87D995EE-486B-4B17-990C-E7D7127A4953} = {BA861C49-ABE7-4C0B-8BBD-7C18D68086FC}
	EndGlobalSection
	GlobalSection(ExtensibilityGlobals) = postSolution
		SolutionGuid = {1DE19439-DF5B-4C9D-BECA-D612707BA8DC}
	EndGlobalSection
EndGlobal
