
Microsoft Visual Studio Solution File, Format Version 12.00
# Visual Studio 15
VisualStudioVersion = 15.0.27130.2010
MinimumVisualStudioVersion = 10.0.40219.1
Project("{2150E333-8FDC-42A3-9474-1A3956D46DE8}") = "KL2-Core", "KL2-Core", "{0BAFF5D3-72BB-4B3B-88CA-2D61F32D3CF7}"
EndProject
Project("{2150E333-8FDC-42A3-9474-1A3956D46DE8}") = "KeyGen", "KeyGen", "{6B9DD70D-B394-4574-956A-C75FE09CE72A}"
EndProject
Project("{FAE04EC0-301F-11D3-BF4B-00C04F79EFBC}") = "KProcess.Common", "KL2-Core\KProcess.Common\KProcess.Common.csproj", "{5D4074AA-F569-4C2A-AC8F-A486C382BFD7}"
EndProject
Project("{FAE04EC0-301F-11D3-BF4B-00C04F79EFBC}") = "KProcess.Ksmed.Security", "KL2-Core\KProcess.Ksmed.Security\KProcess.Ksmed.Security.csproj", "{4F602ABB-799B-4ED2-9C99-CB2F14380C3A}"
EndProject
Project("{FAE04EC0-301F-11D3-BF4B-00C04F79EFBC}") = "KProcess.Ksmed.Server.Activation", "KL2-Core\KProcess.Ksmed.Server.Activation\KProcess.Ksmed.Server.Activation.csproj", "{636086C8-09BF-46DD-97DE-E9FAD59AF088}"
EndProject
Project("{FAE04EC0-301F-11D3-BF4B-00C04F79EFBC}") = "KProcess.Ksmed.Server.Activation.KeygenApp", "KProcess.Ksmed.Server.Activation.KeygenApp\KProcess.Ksmed.Server.Activation.KeygenApp.csproj", "{74AA6369-6198-4D49-8E8D-3CDB517D02A6}"
EndProject
Project("{FAE04EC0-301F-11D3-BF4B-00C04F79EFBC}") = "KProcess.Business", "KL2-Core\KProcess.Business\KProcess.Business.csproj", "{41A8FD16-8AA1-48F2-AC75-CB27FFEEA2A4}"
EndProject
Project("{FAE04EC0-301F-11D3-BF4B-00C04F79EFBC}") = "KProcess.Globalization", "KL2-Core\KProcess.Globalization\KProcess.Globalization.csproj", "{0555579C-1C1B-4B94-B14C-52AB369AEEBA}"
EndProject
Project("{FAE04EC0-301F-11D3-BF4B-00C04F79EFBC}") = "KProcess.Ksmed.Business", "KL2-Core\KProcess.Ksmed.Business\KProcess.Ksmed.Business.csproj", "{A53F3357-B177-4C21-BC01-89C173694B4E}"
EndProject
Project("{FAE04EC0-301F-11D3-BF4B-00C04F79EFBC}") = "KProcess.Ksmed.Models", "KL2-Core\KProcess.Ksmed.Models\KProcess.Ksmed.Models.csproj", "{F92433A9-1D2C-4E64-A29B-4AAEBCA0D3AD}"
EndProject
Project("{FAE04EC0-301F-11D3-BF4B-00C04F79EFBC}") = "KProcess.Supervision", "KL2-Core\KProcess.Supervision\KProcess.Supervision.csproj", "{8271055C-57C4-460E-B715-730D38F86227}"
EndProject
Project("{FAE04EC0-301F-11D3-BF4B-00C04F79EFBC}") = "KProcess.Data", "KL2-Core\KProcess.Data\KProcess.Data.csproj", "{DAB850B7-DF8F-401F-A1C6-5E9CE754D913}"
EndProject
Project("{FAE04EC0-301F-11D3-BF4B-00C04F79EFBC}") = "KProcess.KL2.ConnectionSecurity", "KL2-Core\KProcess.KL2.ConnectionSecurity\KProcess.KL2.ConnectionSecurity.csproj", "{4F22A795-8032-4E56-A62E-035BD7B89215}"
EndProject
Global
	GlobalSection(SolutionConfigurationPlatforms) = preSolution
		Debug|Any CPU = Debug|Any CPU
		Debug|x86 = Debug|x86
		Release|Any CPU = Release|Any CPU
		Release|x86 = Release|x86
		ReleaseBaseline|Any CPU = ReleaseBaseline|Any CPU
		ReleaseBaseline|x86 = ReleaseBaseline|x86
		ReleaseInt|Any CPU = ReleaseInt|Any CPU
		ReleaseInt|x86 = ReleaseInt|x86
		ReleaseTarget|Any CPU = ReleaseTarget|Any CPU
		ReleaseTarget|x86 = ReleaseTarget|x86
		ReleaseWithWixpdb|Any CPU = ReleaseWithWixpdb|Any CPU
		ReleaseWithWixpdb|x86 = ReleaseWithWixpdb|x86
	EndGlobalSection
	GlobalSection(ProjectConfigurationPlatforms) = postSolution
		{5D4074AA-F569-4C2A-AC8F-A486C382BFD7}.Debug|Any CPU.ActiveCfg = Debug|Any CPU
		{5D4074AA-F569-4C2A-AC8F-A486C382BFD7}.Debug|Any CPU.Build.0 = Debug|Any CPU
		{5D4074AA-F569-4C2A-AC8F-A486C382BFD7}.Debug|x86.ActiveCfg = Debug|Any CPU
		{5D4074AA-F569-4C2A-AC8F-A486C382BFD7}.Debug|x86.Build.0 = Debug|Any CPU
		{5D4074AA-F569-4C2A-AC8F-A486C382BFD7}.Release|Any CPU.ActiveCfg = Release|Any CPU
		{5D4074AA-F569-4C2A-AC8F-A486C382BFD7}.Release|Any CPU.Build.0 = Release|Any CPU
		{5D4074AA-F569-4C2A-AC8F-A486C382BFD7}.Release|x86.ActiveCfg = Release|Any CPU
		{5D4074AA-F569-4C2A-AC8F-A486C382BFD7}.Release|x86.Build.0 = Release|Any CPU
		{5D4074AA-F569-4C2A-AC8F-A486C382BFD7}.ReleaseBaseline|Any CPU.ActiveCfg = Release|Any CPU
		{5D4074AA-F569-4C2A-AC8F-A486C382BFD7}.ReleaseBaseline|Any CPU.Build.0 = Release|Any CPU
		{5D4074AA-F569-4C2A-AC8F-A486C382BFD7}.ReleaseBaseline|x86.ActiveCfg = Release|Any CPU
		{5D4074AA-F569-4C2A-AC8F-A486C382BFD7}.ReleaseBaseline|x86.Build.0 = Release|Any CPU
		{5D4074AA-F569-4C2A-AC8F-A486C382BFD7}.ReleaseInt|Any CPU.ActiveCfg = Release|Any CPU
		{5D4074AA-F569-4C2A-AC8F-A486C382BFD7}.ReleaseInt|Any CPU.Build.0 = Release|Any CPU
		{5D4074AA-F569-4C2A-AC8F-A486C382BFD7}.ReleaseInt|x86.ActiveCfg = Release|Any CPU
		{5D4074AA-F569-4C2A-AC8F-A486C382BFD7}.ReleaseInt|x86.Build.0 = Release|Any CPU
		{5D4074AA-F569-4C2A-AC8F-A486C382BFD7}.ReleaseTarget|Any CPU.ActiveCfg = Release|Any CPU
		{5D4074AA-F569-4C2A-AC8F-A486C382BFD7}.ReleaseTarget|Any CPU.Build.0 = Release|Any CPU
		{5D4074AA-F569-4C2A-AC8F-A486C382BFD7}.ReleaseTarget|x86.ActiveCfg = Release|Any CPU
		{5D4074AA-F569-4C2A-AC8F-A486C382BFD7}.ReleaseTarget|x86.Build.0 = Release|Any CPU
		{5D4074AA-F569-4C2A-AC8F-A486C382BFD7}.ReleaseWithWixpdb|Any CPU.ActiveCfg = Release|Any CPU
		{5D4074AA-F569-4C2A-AC8F-A486C382BFD7}.ReleaseWithWixpdb|Any CPU.Build.0 = Release|Any CPU
		{5D4074AA-F569-4C2A-AC8F-A486C382BFD7}.ReleaseWithWixpdb|x86.ActiveCfg = Release|Any CPU
		{5D4074AA-F569-4C2A-AC8F-A486C382BFD7}.ReleaseWithWixpdb|x86.Build.0 = Release|Any CPU
		{4F602ABB-799B-4ED2-9C99-CB2F14380C3A}.Debug|Any CPU.ActiveCfg = Debug|Any CPU
		{4F602ABB-799B-4ED2-9C99-CB2F14380C3A}.Debug|Any CPU.Build.0 = Debug|Any CPU
		{4F602ABB-799B-4ED2-9C99-CB2F14380C3A}.Debug|x86.ActiveCfg = Debug|Any CPU
		{4F602ABB-799B-4ED2-9C99-CB2F14380C3A}.Debug|x86.Build.0 = Debug|Any CPU
		{4F602ABB-799B-4ED2-9C99-CB2F14380C3A}.Release|Any CPU.ActiveCfg = Release|Any CPU
		{4F602ABB-799B-4ED2-9C99-CB2F14380C3A}.Release|Any CPU.Build.0 = Release|Any CPU
		{4F602ABB-799B-4ED2-9C99-CB2F14380C3A}.Release|x86.ActiveCfg = Release|Any CPU
		{4F602ABB-799B-4ED2-9C99-CB2F14380C3A}.Release|x86.Build.0 = Release|Any CPU
		{4F602ABB-799B-4ED2-9C99-CB2F14380C3A}.ReleaseBaseline|Any CPU.ActiveCfg = Release|Any CPU
		{4F602ABB-799B-4ED2-9C99-CB2F14380C3A}.ReleaseBaseline|Any CPU.Build.0 = Release|Any CPU
		{4F602ABB-799B-4ED2-9C99-CB2F14380C3A}.ReleaseBaseline|x86.ActiveCfg = Release|Any CPU
		{4F602ABB-799B-4ED2-9C99-CB2F14380C3A}.ReleaseBaseline|x86.Build.0 = Release|Any CPU
		{4F602ABB-799B-4ED2-9C99-CB2F14380C3A}.ReleaseInt|Any CPU.ActiveCfg = Release|Any CPU
		{4F602ABB-799B-4ED2-9C99-CB2F14380C3A}.ReleaseInt|Any CPU.Build.0 = Release|Any CPU
		{4F602ABB-799B-4ED2-9C99-CB2F14380C3A}.ReleaseInt|x86.ActiveCfg = Release|Any CPU
		{4F602ABB-799B-4ED2-9C99-CB2F14380C3A}.ReleaseInt|x86.Build.0 = Release|Any CPU
		{4F602ABB-799B-4ED2-9C99-CB2F14380C3A}.ReleaseTarget|Any CPU.ActiveCfg = Release|Any CPU
		{4F602ABB-799B-4ED2-9C99-CB2F14380C3A}.ReleaseTarget|Any CPU.Build.0 = Release|Any CPU
		{4F602ABB-799B-4ED2-9C99-CB2F14380C3A}.ReleaseTarget|x86.ActiveCfg = Release|Any CPU
		{4F602ABB-799B-4ED2-9C99-CB2F14380C3A}.ReleaseTarget|x86.Build.0 = Release|Any CPU
		{4F602ABB-799B-4ED2-9C99-CB2F14380C3A}.ReleaseWithWixpdb|Any CPU.ActiveCfg = Release|Any CPU
		{4F602ABB-799B-4ED2-9C99-CB2F14380C3A}.ReleaseWithWixpdb|Any CPU.Build.0 = Release|Any CPU
		{4F602ABB-799B-4ED2-9C99-CB2F14380C3A}.ReleaseWithWixpdb|x86.ActiveCfg = Release|Any CPU
		{4F602ABB-799B-4ED2-9C99-CB2F14380C3A}.ReleaseWithWixpdb|x86.Build.0 = Release|Any CPU
		{636086C8-09BF-46DD-97DE-E9FAD59AF088}.Debug|Any CPU.ActiveCfg = Debug|Any CPU
		{636086C8-09BF-46DD-97DE-E9FAD59AF088}.Debug|Any CPU.Build.0 = Debug|Any CPU
		{636086C8-09BF-46DD-97DE-E9FAD59AF088}.Debug|x86.ActiveCfg = Debug|Any CPU
		{636086C8-09BF-46DD-97DE-E9FAD59AF088}.Debug|x86.Build.0 = Debug|Any CPU
		{636086C8-09BF-46DD-97DE-E9FAD59AF088}.Release|Any CPU.ActiveCfg = Release|Any CPU
		{636086C8-09BF-46DD-97DE-E9FAD59AF088}.Release|Any CPU.Build.0 = Release|Any CPU
		{636086C8-09BF-46DD-97DE-E9FAD59AF088}.Release|x86.ActiveCfg = Release|Any CPU
		{636086C8-09BF-46DD-97DE-E9FAD59AF088}.Release|x86.Build.0 = Release|Any CPU
		{636086C8-09BF-46DD-97DE-E9FAD59AF088}.ReleaseBaseline|Any CPU.ActiveCfg = Release|Any CPU
		{636086C8-09BF-46DD-97DE-E9FAD59AF088}.ReleaseBaseline|Any CPU.Build.0 = Release|Any CPU
		{636086C8-09BF-46DD-97DE-E9FAD59AF088}.ReleaseBaseline|x86.ActiveCfg = Release|Any CPU
		{636086C8-09BF-46DD-97DE-E9FAD59AF088}.ReleaseBaseline|x86.Build.0 = Release|Any CPU
		{636086C8-09BF-46DD-97DE-E9FAD59AF088}.ReleaseInt|Any CPU.ActiveCfg = Release|Any CPU
		{636086C8-09BF-46DD-97DE-E9FAD59AF088}.ReleaseInt|Any CPU.Build.0 = Release|Any CPU
		{636086C8-09BF-46DD-97DE-E9FAD59AF088}.ReleaseInt|x86.ActiveCfg = Release|Any CPU
		{636086C8-09BF-46DD-97DE-E9FAD59AF088}.ReleaseInt|x86.Build.0 = Release|Any CPU
		{636086C8-09BF-46DD-97DE-E9FAD59AF088}.ReleaseTarget|Any CPU.ActiveCfg = Release|Any CPU
		{636086C8-09BF-46DD-97DE-E9FAD59AF088}.ReleaseTarget|Any CPU.Build.0 = Release|Any CPU
		{636086C8-09BF-46DD-97DE-E9FAD59AF088}.ReleaseTarget|x86.ActiveCfg = Release|Any CPU
		{636086C8-09BF-46DD-97DE-E9FAD59AF088}.ReleaseTarget|x86.Build.0 = Release|Any CPU
		{636086C8-09BF-46DD-97DE-E9FAD59AF088}.ReleaseWithWixpdb|Any CPU.ActiveCfg = Release|Any CPU
		{636086C8-09BF-46DD-97DE-E9FAD59AF088}.ReleaseWithWixpdb|Any CPU.Build.0 = Release|Any CPU
		{636086C8-09BF-46DD-97DE-E9FAD59AF088}.ReleaseWithWixpdb|x86.ActiveCfg = Release|Any CPU
		{636086C8-09BF-46DD-97DE-E9FAD59AF088}.ReleaseWithWixpdb|x86.Build.0 = Release|Any CPU
		{74AA6369-6198-4D49-8E8D-3CDB517D02A6}.Debug|Any CPU.ActiveCfg = Debug|x86
		{74AA6369-6198-4D49-8E8D-3CDB517D02A6}.Debug|Any CPU.Build.0 = Debug|x86
		{74AA6369-6198-4D49-8E8D-3CDB517D02A6}.Debug|x86.ActiveCfg = Debug|x86
		{74AA6369-6198-4D49-8E8D-3CDB517D02A6}.Debug|x86.Build.0 = Debug|x86
		{74AA6369-6198-4D49-8E8D-3CDB517D02A6}.Release|Any CPU.ActiveCfg = Release|x86
		{74AA6369-6198-4D49-8E8D-3CDB517D02A6}.Release|x86.ActiveCfg = Release|x86
		{74AA6369-6198-4D49-8E8D-3CDB517D02A6}.Release|x86.Build.0 = Release|x86
		{74AA6369-6198-4D49-8E8D-3CDB517D02A6}.ReleaseBaseline|Any CPU.ActiveCfg = Release|x86
		{74AA6369-6198-4D49-8E8D-3CDB517D02A6}.ReleaseBaseline|Any CPU.Build.0 = Release|x86
		{74AA6369-6198-4D49-8E8D-3CDB517D02A6}.ReleaseBaseline|x86.ActiveCfg = Release|x86
		{74AA6369-6198-4D49-8E8D-3CDB517D02A6}.ReleaseBaseline|x86.Build.0 = Release|x86
		{74AA6369-6198-4D49-8E8D-3CDB517D02A6}.ReleaseInt|Any CPU.ActiveCfg = Release|x86
		{74AA6369-6198-4D49-8E8D-3CDB517D02A6}.ReleaseInt|Any CPU.Build.0 = Release|x86
		{74AA6369-6198-4D49-8E8D-3CDB517D02A6}.ReleaseInt|x86.ActiveCfg = Release|x86
		{74AA6369-6198-4D49-8E8D-3CDB517D02A6}.ReleaseInt|x86.Build.0 = Release|x86
		{74AA6369-6198-4D49-8E8D-3CDB517D02A6}.ReleaseTarget|Any CPU.ActiveCfg = Release|x86
		{74AA6369-6198-4D49-8E8D-3CDB517D02A6}.ReleaseTarget|Any CPU.Build.0 = Release|x86
		{74AA6369-6198-4D49-8E8D-3CDB517D02A6}.ReleaseTarget|x86.ActiveCfg = Release|x86
		{74AA6369-6198-4D49-8E8D-3CDB517D02A6}.ReleaseTarget|x86.Build.0 = Release|x86
		{74AA6369-6198-4D49-8E8D-3CDB517D02A6}.ReleaseWithWixpdb|Any CPU.ActiveCfg = Release|x86
		{74AA6369-6198-4D49-8E8D-3CDB517D02A6}.ReleaseWithWixpdb|Any CPU.Build.0 = Release|x86
		{74AA6369-6198-4D49-8E8D-3CDB517D02A6}.ReleaseWithWixpdb|x86.ActiveCfg = Release|x86
		{74AA6369-6198-4D49-8E8D-3CDB517D02A6}.ReleaseWithWixpdb|x86.Build.0 = Release|x86
		{41A8FD16-8AA1-48F2-AC75-CB27FFEEA2A4}.Debug|Any CPU.ActiveCfg = Debug|Any CPU
		{41A8FD16-8AA1-48F2-AC75-CB27FFEEA2A4}.Debug|Any CPU.Build.0 = Debug|Any CPU
		{41A8FD16-8AA1-48F2-AC75-CB27FFEEA2A4}.Debug|x86.ActiveCfg = Debug|Any CPU
		{41A8FD16-8AA1-48F2-AC75-CB27FFEEA2A4}.Debug|x86.Build.0 = Debug|Any CPU
		{41A8FD16-8AA1-48F2-AC75-CB27FFEEA2A4}.Release|Any CPU.ActiveCfg = Release|Any CPU
		{41A8FD16-8AA1-48F2-AC75-CB27FFEEA2A4}.Release|Any CPU.Build.0 = Release|Any CPU
		{41A8FD16-8AA1-48F2-AC75-CB27FFEEA2A4}.Release|x86.ActiveCfg = Release|Any CPU
		{41A8FD16-8AA1-48F2-AC75-CB27FFEEA2A4}.Release|x86.Build.0 = Release|Any CPU
		{41A8FD16-8AA1-48F2-AC75-CB27FFEEA2A4}.ReleaseBaseline|Any CPU.ActiveCfg = Release|Any CPU
		{41A8FD16-8AA1-48F2-AC75-CB27FFEEA2A4}.ReleaseBaseline|Any CPU.Build.0 = Release|Any CPU
		{41A8FD16-8AA1-48F2-AC75-CB27FFEEA2A4}.ReleaseBaseline|x86.ActiveCfg = Release|Any CPU
		{41A8FD16-8AA1-48F2-AC75-CB27FFEEA2A4}.ReleaseBaseline|x86.Build.0 = Release|Any CPU
		{41A8FD16-8AA1-48F2-AC75-CB27FFEEA2A4}.ReleaseInt|Any CPU.ActiveCfg = Release|Any CPU
		{41A8FD16-8AA1-48F2-AC75-CB27FFEEA2A4}.ReleaseInt|Any CPU.Build.0 = Release|Any CPU
		{41A8FD16-8AA1-48F2-AC75-CB27FFEEA2A4}.ReleaseInt|x86.ActiveCfg = Release|Any CPU
		{41A8FD16-8AA1-48F2-AC75-CB27FFEEA2A4}.ReleaseInt|x86.Build.0 = Release|Any CPU
		{41A8FD16-8AA1-48F2-AC75-CB27FFEEA2A4}.ReleaseTarget|Any CPU.ActiveCfg = Release|Any CPU
		{41A8FD16-8AA1-48F2-AC75-CB27FFEEA2A4}.ReleaseTarget|Any CPU.Build.0 = Release|Any CPU
		{41A8FD16-8AA1-48F2-AC75-CB27FFEEA2A4}.ReleaseTarget|x86.ActiveCfg = Release|Any CPU
		{41A8FD16-8AA1-48F2-AC75-CB27FFEEA2A4}.ReleaseTarget|x86.Build.0 = Release|Any CPU
		{41A8FD16-8AA1-48F2-AC75-CB27FFEEA2A4}.ReleaseWithWixpdb|Any CPU.ActiveCfg = Release|Any CPU
		{41A8FD16-8AA1-48F2-AC75-CB27FFEEA2A4}.ReleaseWithWixpdb|Any CPU.Build.0 = Release|Any CPU
		{41A8FD16-8AA1-48F2-AC75-CB27FFEEA2A4}.ReleaseWithWixpdb|x86.ActiveCfg = Release|Any CPU
		{41A8FD16-8AA1-48F2-AC75-CB27FFEEA2A4}.ReleaseWithWixpdb|x86.Build.0 = Release|Any CPU
		{0555579C-1C1B-4B94-B14C-52AB369AEEBA}.Debug|Any CPU.ActiveCfg = Debug|Any CPU
		{0555579C-1C1B-4B94-B14C-52AB369AEEBA}.Debug|Any CPU.Build.0 = Debug|Any CPU
		{0555579C-1C1B-4B94-B14C-52AB369AEEBA}.Debug|x86.ActiveCfg = Debug|Any CPU
		{0555579C-1C1B-4B94-B14C-52AB369AEEBA}.Debug|x86.Build.0 = Debug|Any CPU
		{0555579C-1C1B-4B94-B14C-52AB369AEEBA}.Release|Any CPU.ActiveCfg = Release|Any CPU
		{0555579C-1C1B-4B94-B14C-52AB369AEEBA}.Release|Any CPU.Build.0 = Release|Any CPU
		{0555579C-1C1B-4B94-B14C-52AB369AEEBA}.Release|x86.ActiveCfg = Release|Any CPU
		{0555579C-1C1B-4B94-B14C-52AB369AEEBA}.Release|x86.Build.0 = Release|Any CPU
		{0555579C-1C1B-4B94-B14C-52AB369AEEBA}.ReleaseBaseline|Any CPU.ActiveCfg = Release|Any CPU
		{0555579C-1C1B-4B94-B14C-52AB369AEEBA}.ReleaseBaseline|Any CPU.Build.0 = Release|Any CPU
		{0555579C-1C1B-4B94-B14C-52AB369AEEBA}.ReleaseBaseline|x86.ActiveCfg = Release|Any CPU
		{0555579C-1C1B-4B94-B14C-52AB369AEEBA}.ReleaseBaseline|x86.Build.0 = Release|Any CPU
		{0555579C-1C1B-4B94-B14C-52AB369AEEBA}.ReleaseInt|Any CPU.ActiveCfg = Release|Any CPU
		{0555579C-1C1B-4B94-B14C-52AB369AEEBA}.ReleaseInt|Any CPU.Build.0 = Release|Any CPU
		{0555579C-1C1B-4B94-B14C-52AB369AEEBA}.ReleaseInt|x86.ActiveCfg = Release|Any CPU
		{0555579C-1C1B-4B94-B14C-52AB369AEEBA}.ReleaseInt|x86.Build.0 = Release|Any CPU
		{0555579C-1C1B-4B94-B14C-52AB369AEEBA}.ReleaseTarget|Any CPU.ActiveCfg = Release|Any CPU
		{0555579C-1C1B-4B94-B14C-52AB369AEEBA}.ReleaseTarget|Any CPU.Build.0 = Release|Any CPU
		{0555579C-1C1B-4B94-B14C-52AB369AEEBA}.ReleaseTarget|x86.ActiveCfg = Release|Any CPU
		{0555579C-1C1B-4B94-B14C-52AB369AEEBA}.ReleaseTarget|x86.Build.0 = Release|Any CPU
		{0555579C-1C1B-4B94-B14C-52AB369AEEBA}.ReleaseWithWixpdb|Any CPU.ActiveCfg = Release|Any CPU
		{0555579C-1C1B-4B94-B14C-52AB369AEEBA}.ReleaseWithWixpdb|Any CPU.Build.0 = Release|Any CPU
		{0555579C-1C1B-4B94-B14C-52AB369AEEBA}.ReleaseWithWixpdb|x86.ActiveCfg = Release|Any CPU
		{0555579C-1C1B-4B94-B14C-52AB369AEEBA}.ReleaseWithWixpdb|x86.Build.0 = Release|Any CPU
		{A53F3357-B177-4C21-BC01-89C173694B4E}.Debug|Any CPU.ActiveCfg = Debug|Any CPU
		{A53F3357-B177-4C21-BC01-89C173694B4E}.Debug|Any CPU.Build.0 = Debug|Any CPU
		{A53F3357-B177-4C21-BC01-89C173694B4E}.Debug|x86.ActiveCfg = Debug|Any CPU
		{A53F3357-B177-4C21-BC01-89C173694B4E}.Debug|x86.Build.0 = Debug|Any CPU
		{A53F3357-B177-4C21-BC01-89C173694B4E}.Release|Any CPU.ActiveCfg = Release|Any CPU
		{A53F3357-B177-4C21-BC01-89C173694B4E}.Release|Any CPU.Build.0 = Release|Any CPU
		{A53F3357-B177-4C21-BC01-89C173694B4E}.Release|x86.ActiveCfg = Release|Any CPU
		{A53F3357-B177-4C21-BC01-89C173694B4E}.Release|x86.Build.0 = Release|Any CPU
		{A53F3357-B177-4C21-BC01-89C173694B4E}.ReleaseBaseline|Any CPU.ActiveCfg = Release|Any CPU
		{A53F3357-B177-4C21-BC01-89C173694B4E}.ReleaseBaseline|Any CPU.Build.0 = Release|Any CPU
		{A53F3357-B177-4C21-BC01-89C173694B4E}.ReleaseBaseline|x86.ActiveCfg = Release|Any CPU
		{A53F3357-B177-4C21-BC01-89C173694B4E}.ReleaseBaseline|x86.Build.0 = Release|Any CPU
		{A53F3357-B177-4C21-BC01-89C173694B4E}.ReleaseInt|Any CPU.ActiveCfg = Release|Any CPU
		{A53F3357-B177-4C21-BC01-89C173694B4E}.ReleaseInt|Any CPU.Build.0 = Release|Any CPU
		{A53F3357-B177-4C21-BC01-89C173694B4E}.ReleaseInt|x86.ActiveCfg = Release|Any CPU
		{A53F3357-B177-4C21-BC01-89C173694B4E}.ReleaseInt|x86.Build.0 = Release|Any CPU
		{A53F3357-B177-4C21-BC01-89C173694B4E}.ReleaseTarget|Any CPU.ActiveCfg = Release|Any CPU
		{A53F3357-B177-4C21-BC01-89C173694B4E}.ReleaseTarget|Any CPU.Build.0 = Release|Any CPU
		{A53F3357-B177-4C21-BC01-89C173694B4E}.ReleaseTarget|x86.ActiveCfg = Release|Any CPU
		{A53F3357-B177-4C21-BC01-89C173694B4E}.ReleaseTarget|x86.Build.0 = Release|Any CPU
		{A53F3357-B177-4C21-BC01-89C173694B4E}.ReleaseWithWixpdb|Any CPU.ActiveCfg = Release|Any CPU
		{A53F3357-B177-4C21-BC01-89C173694B4E}.ReleaseWithWixpdb|Any CPU.Build.0 = Release|Any CPU
		{A53F3357-B177-4C21-BC01-89C173694B4E}.ReleaseWithWixpdb|x86.ActiveCfg = Release|Any CPU
		{A53F3357-B177-4C21-BC01-89C173694B4E}.ReleaseWithWixpdb|x86.Build.0 = Release|Any CPU
		{F92433A9-1D2C-4E64-A29B-4AAEBCA0D3AD}.Debug|Any CPU.ActiveCfg = Debug|Any CPU
		{F92433A9-1D2C-4E64-A29B-4AAEBCA0D3AD}.Debug|Any CPU.Build.0 = Debug|Any CPU
		{F92433A9-1D2C-4E64-A29B-4AAEBCA0D3AD}.Debug|x86.ActiveCfg = Debug|Any CPU
		{F92433A9-1D2C-4E64-A29B-4AAEBCA0D3AD}.Debug|x86.Build.0 = Debug|Any CPU
		{F92433A9-1D2C-4E64-A29B-4AAEBCA0D3AD}.Release|Any CPU.ActiveCfg = Release|Any CPU
		{F92433A9-1D2C-4E64-A29B-4AAEBCA0D3AD}.Release|Any CPU.Build.0 = Release|Any CPU
		{F92433A9-1D2C-4E64-A29B-4AAEBCA0D3AD}.Release|x86.ActiveCfg = Release|Any CPU
		{F92433A9-1D2C-4E64-A29B-4AAEBCA0D3AD}.Release|x86.Build.0 = Release|Any CPU
		{F92433A9-1D2C-4E64-A29B-4AAEBCA0D3AD}.ReleaseBaseline|Any CPU.ActiveCfg = Release|Any CPU
		{F92433A9-1D2C-4E64-A29B-4AAEBCA0D3AD}.ReleaseBaseline|Any CPU.Build.0 = Release|Any CPU
		{F92433A9-1D2C-4E64-A29B-4AAEBCA0D3AD}.ReleaseBaseline|x86.ActiveCfg = Release|Any CPU
		{F92433A9-1D2C-4E64-A29B-4AAEBCA0D3AD}.ReleaseBaseline|x86.Build.0 = Release|Any CPU
		{F92433A9-1D2C-4E64-A29B-4AAEBCA0D3AD}.ReleaseInt|Any CPU.ActiveCfg = Release|Any CPU
		{F92433A9-1D2C-4E64-A29B-4AAEBCA0D3AD}.ReleaseInt|Any CPU.Build.0 = Release|Any CPU
		{F92433A9-1D2C-4E64-A29B-4AAEBCA0D3AD}.ReleaseInt|x86.ActiveCfg = Release|Any CPU
		{F92433A9-1D2C-4E64-A29B-4AAEBCA0D3AD}.ReleaseInt|x86.Build.0 = Release|Any CPU
		{F92433A9-1D2C-4E64-A29B-4AAEBCA0D3AD}.ReleaseTarget|Any CPU.ActiveCfg = Release|Any CPU
		{F92433A9-1D2C-4E64-A29B-4AAEBCA0D3AD}.ReleaseTarget|Any CPU.Build.0 = Release|Any CPU
		{F92433A9-1D2C-4E64-A29B-4AAEBCA0D3AD}.ReleaseTarget|x86.ActiveCfg = Release|Any CPU
		{F92433A9-1D2C-4E64-A29B-4AAEBCA0D3AD}.ReleaseTarget|x86.Build.0 = Release|Any CPU
		{F92433A9-1D2C-4E64-A29B-4AAEBCA0D3AD}.ReleaseWithWixpdb|Any CPU.ActiveCfg = Release|Any CPU
		{F92433A9-1D2C-4E64-A29B-4AAEBCA0D3AD}.ReleaseWithWixpdb|Any CPU.Build.0 = Release|Any CPU
		{F92433A9-1D2C-4E64-A29B-4AAEBCA0D3AD}.ReleaseWithWixpdb|x86.ActiveCfg = Release|Any CPU
		{F92433A9-1D2C-4E64-A29B-4AAEBCA0D3AD}.ReleaseWithWixpdb|x86.Build.0 = Release|Any CPU
		{8271055C-57C4-460E-B715-730D38F86227}.Debug|Any CPU.ActiveCfg = Debug|Any CPU
		{8271055C-57C4-460E-B715-730D38F86227}.Debug|Any CPU.Build.0 = Debug|Any CPU
		{8271055C-57C4-460E-B715-730D38F86227}.Debug|x86.ActiveCfg = Debug|Any CPU
		{8271055C-57C4-460E-B715-730D38F86227}.Debug|x86.Build.0 = Debug|Any CPU
		{8271055C-57C4-460E-B715-730D38F86227}.Release|Any CPU.ActiveCfg = Release|Any CPU
		{8271055C-57C4-460E-B715-730D38F86227}.Release|Any CPU.Build.0 = Release|Any CPU
		{8271055C-57C4-460E-B715-730D38F86227}.Release|x86.ActiveCfg = Release|Any CPU
		{8271055C-57C4-460E-B715-730D38F86227}.Release|x86.Build.0 = Release|Any CPU
		{8271055C-57C4-460E-B715-730D38F86227}.ReleaseBaseline|Any CPU.ActiveCfg = Release|Any CPU
		{8271055C-57C4-460E-B715-730D38F86227}.ReleaseBaseline|Any CPU.Build.0 = Release|Any CPU
		{8271055C-57C4-460E-B715-730D38F86227}.ReleaseBaseline|x86.ActiveCfg = Release|Any CPU
		{8271055C-57C4-460E-B715-730D38F86227}.ReleaseBaseline|x86.Build.0 = Release|Any CPU
		{8271055C-57C4-460E-B715-730D38F86227}.ReleaseInt|Any CPU.ActiveCfg = Release|Any CPU
		{8271055C-57C4-460E-B715-730D38F86227}.ReleaseInt|Any CPU.Build.0 = Release|Any CPU
		{8271055C-57C4-460E-B715-730D38F86227}.ReleaseInt|x86.ActiveCfg = Release|Any CPU
		{8271055C-57C4-460E-B715-730D38F86227}.ReleaseInt|x86.Build.0 = Release|Any CPU
		{8271055C-57C4-460E-B715-730D38F86227}.ReleaseTarget|Any CPU.ActiveCfg = Release|Any CPU
		{8271055C-57C4-460E-B715-730D38F86227}.ReleaseTarget|Any CPU.Build.0 = Release|Any CPU
		{8271055C-57C4-460E-B715-730D38F86227}.ReleaseTarget|x86.ActiveCfg = Release|Any CPU
		{8271055C-57C4-460E-B715-730D38F86227}.ReleaseTarget|x86.Build.0 = Release|Any CPU
		{8271055C-57C4-460E-B715-730D38F86227}.ReleaseWithWixpdb|Any CPU.ActiveCfg = Release|Any CPU
		{8271055C-57C4-460E-B715-730D38F86227}.ReleaseWithWixpdb|Any CPU.Build.0 = Release|Any CPU
		{8271055C-57C4-460E-B715-730D38F86227}.ReleaseWithWixpdb|x86.ActiveCfg = Release|Any CPU
		{8271055C-57C4-460E-B715-730D38F86227}.ReleaseWithWixpdb|x86.Build.0 = Release|Any CPU
		{DAB850B7-DF8F-401F-A1C6-5E9CE754D913}.Debug|Any CPU.ActiveCfg = Debug|Any CPU
		{DAB850B7-DF8F-401F-A1C6-5E9CE754D913}.Debug|Any CPU.Build.0 = Debug|Any CPU
		{DAB850B7-DF8F-401F-A1C6-5E9CE754D913}.Debug|x86.ActiveCfg = Debug|Any CPU
		{DAB850B7-DF8F-401F-A1C6-5E9CE754D913}.Debug|x86.Build.0 = Debug|Any CPU
		{DAB850B7-DF8F-401F-A1C6-5E9CE754D913}.Release|Any CPU.ActiveCfg = Release|Any CPU
		{DAB850B7-DF8F-401F-A1C6-5E9CE754D913}.Release|Any CPU.Build.0 = Release|Any CPU
		{DAB850B7-DF8F-401F-A1C6-5E9CE754D913}.Release|x86.ActiveCfg = Release|Any CPU
		{DAB850B7-DF8F-401F-A1C6-5E9CE754D913}.Release|x86.Build.0 = Release|Any CPU
		{DAB850B7-DF8F-401F-A1C6-5E9CE754D913}.ReleaseBaseline|Any CPU.ActiveCfg = Release|Any CPU
		{DAB850B7-DF8F-401F-A1C6-5E9CE754D913}.ReleaseBaseline|Any CPU.Build.0 = Release|Any CPU
		{DAB850B7-DF8F-401F-A1C6-5E9CE754D913}.ReleaseBaseline|x86.ActiveCfg = Release|Any CPU
		{DAB850B7-DF8F-401F-A1C6-5E9CE754D913}.ReleaseBaseline|x86.Build.0 = Release|Any CPU
		{DAB850B7-DF8F-401F-A1C6-5E9CE754D913}.ReleaseInt|Any CPU.ActiveCfg = Release|Any CPU
		{DAB850B7-DF8F-401F-A1C6-5E9CE754D913}.ReleaseInt|Any CPU.Build.0 = Release|Any CPU
		{DAB850B7-DF8F-401F-A1C6-5E9CE754D913}.ReleaseInt|x86.ActiveCfg = Release|Any CPU
		{DAB850B7-DF8F-401F-A1C6-5E9CE754D913}.ReleaseInt|x86.Build.0 = Release|Any CPU
		{DAB850B7-DF8F-401F-A1C6-5E9CE754D913}.ReleaseTarget|Any CPU.ActiveCfg = Release|Any CPU
		{DAB850B7-DF8F-401F-A1C6-5E9CE754D913}.ReleaseTarget|Any CPU.Build.0 = Release|Any CPU
		{DAB850B7-DF8F-401F-A1C6-5E9CE754D913}.ReleaseTarget|x86.ActiveCfg = Release|Any CPU
		{DAB850B7-DF8F-401F-A1C6-5E9CE754D913}.ReleaseTarget|x86.Build.0 = Release|Any CPU
		{DAB850B7-DF8F-401F-A1C6-5E9CE754D913}.ReleaseWithWixpdb|Any CPU.ActiveCfg = Release|Any CPU
		{DAB850B7-DF8F-401F-A1C6-5E9CE754D913}.ReleaseWithWixpdb|Any CPU.Build.0 = Release|Any CPU
		{DAB850B7-DF8F-401F-A1C6-5E9CE754D913}.ReleaseWithWixpdb|x86.ActiveCfg = Release|Any CPU
		{DAB850B7-DF8F-401F-A1C6-5E9CE754D913}.ReleaseWithWixpdb|x86.Build.0 = Release|Any CPU
		{4F22A795-8032-4E56-A62E-035BD7B89215}.Debug|Any CPU.ActiveCfg = Debug|Any CPU
		{4F22A795-8032-4E56-A62E-035BD7B89215}.Debug|Any CPU.Build.0 = Debug|Any CPU
		{4F22A795-8032-4E56-A62E-035BD7B89215}.Debug|x86.ActiveCfg = Debug|Any CPU
		{4F22A795-8032-4E56-A62E-035BD7B89215}.Debug|x86.Build.0 = Debug|Any CPU
		{4F22A795-8032-4E56-A62E-035BD7B89215}.Release|Any CPU.ActiveCfg = Release|Any CPU
		{4F22A795-8032-4E56-A62E-035BD7B89215}.Release|Any CPU.Build.0 = Release|Any CPU
		{4F22A795-8032-4E56-A62E-035BD7B89215}.Release|x86.ActiveCfg = Release|Any CPU
		{4F22A795-8032-4E56-A62E-035BD7B89215}.Release|x86.Build.0 = Release|Any CPU
		{4F22A795-8032-4E56-A62E-035BD7B89215}.ReleaseBaseline|Any CPU.ActiveCfg = Release|Any CPU
		{4F22A795-8032-4E56-A62E-035BD7B89215}.ReleaseBaseline|Any CPU.Build.0 = Release|Any CPU
		{4F22A795-8032-4E56-A62E-035BD7B89215}.ReleaseBaseline|x86.ActiveCfg = Release|Any CPU
		{4F22A795-8032-4E56-A62E-035BD7B89215}.ReleaseBaseline|x86.Build.0 = Release|Any CPU
		{4F22A795-8032-4E56-A62E-035BD7B89215}.ReleaseInt|Any CPU.ActiveCfg = Release|Any CPU
		{4F22A795-8032-4E56-A62E-035BD7B89215}.ReleaseInt|Any CPU.Build.0 = Release|Any CPU
		{4F22A795-8032-4E56-A62E-035BD7B89215}.ReleaseInt|x86.ActiveCfg = Release|Any CPU
		{4F22A795-8032-4E56-A62E-035BD7B89215}.ReleaseInt|x86.Build.0 = Release|Any CPU
		{4F22A795-8032-4E56-A62E-035BD7B89215}.ReleaseTarget|Any CPU.ActiveCfg = Release|Any CPU
		{4F22A795-8032-4E56-A62E-035BD7B89215}.ReleaseTarget|Any CPU.Build.0 = Release|Any CPU
		{4F22A795-8032-4E56-A62E-035BD7B89215}.ReleaseTarget|x86.ActiveCfg = Release|Any CPU
		{4F22A795-8032-4E56-A62E-035BD7B89215}.ReleaseTarget|x86.Build.0 = Release|Any CPU
		{4F22A795-8032-4E56-A62E-035BD7B89215}.ReleaseWithWixpdb|Any CPU.ActiveCfg = Release|Any CPU
		{4F22A795-8032-4E56-A62E-035BD7B89215}.ReleaseWithWixpdb|Any CPU.Build.0 = Release|Any CPU
		{4F22A795-8032-4E56-A62E-035BD7B89215}.ReleaseWithWixpdb|x86.ActiveCfg = Release|Any CPU
		{4F22A795-8032-4E56-A62E-035BD7B89215}.ReleaseWithWixpdb|x86.Build.0 = Release|Any CPU
	EndGlobalSection
	GlobalSection(SolutionProperties) = preSolution
		HideSolutionNode = FALSE
	EndGlobalSection
	GlobalSection(NestedProjects) = preSolution
		{5D4074AA-F569-4C2A-AC8F-A486C382BFD7} = {0BAFF5D3-72BB-4B3B-88CA-2D61F32D3CF7}
		{4F602ABB-799B-4ED2-9C99-CB2F14380C3A} = {0BAFF5D3-72BB-4B3B-88CA-2D61F32D3CF7}
		{636086C8-09BF-46DD-97DE-E9FAD59AF088} = {0BAFF5D3-72BB-4B3B-88CA-2D61F32D3CF7}
		{74AA6369-6198-4D49-8E8D-3CDB517D02A6} = {6B9DD70D-B394-4574-956A-C75FE09CE72A}
		{41A8FD16-8AA1-48F2-AC75-CB27FFEEA2A4} = {0BAFF5D3-72BB-4B3B-88CA-2D61F32D3CF7}
		{0555579C-1C1B-4B94-B14C-52AB369AEEBA} = {0BAFF5D3-72BB-4B3B-88CA-2D61F32D3CF7}
		{A53F3357-B177-4C21-BC01-89C173694B4E} = {0BAFF5D3-72BB-4B3B-88CA-2D61F32D3CF7}
		{F92433A9-1D2C-4E64-A29B-4AAEBCA0D3AD} = {0BAFF5D3-72BB-4B3B-88CA-2D61F32D3CF7}
		{8271055C-57C4-460E-B715-730D38F86227} = {0BAFF5D3-72BB-4B3B-88CA-2D61F32D3CF7}
		{DAB850B7-DF8F-401F-A1C6-5E9CE754D913} = {0BAFF5D3-72BB-4B3B-88CA-2D61F32D3CF7}
		{4F22A795-8032-4E56-A62E-035BD7B89215} = {0BAFF5D3-72BB-4B3B-88CA-2D61F32D3CF7}
	EndGlobalSection
	GlobalSection(ExtensibilityGlobals) = postSolution
		SolutionGuid = {9319A077-A009-44CA-BA42-6515BDE8097A}
	EndGlobalSection
	GlobalSection(TestCaseManagementSettings) = postSolution
		CategoryFile = KProcess.Ksmed.vsmdi
	EndGlobalSection
EndGlobal
