
Microsoft Visual Studio Solution File, Format Version 11.00
# Visual Studio 2010
Project("{F088123C-0E9E-452A-89E6-6BA2F21D5CAC}") = "KPRocess.KSmed.Modelisation", "KProcess.KSmed.Modelisation\KPRocess.KSmed.Modelisation.modelproj", "{B13EEA59-947F-46A7-89CB-BCA609F8123A}"
EndProject
Global
	GlobalSection(TeamFoundationVersionControl) = preSolution
		SccNumberOfProjects = 2
		SccEnterpriseProvider = {4CA58AB2-18FA-4F8D-95D4-32DDF27D184C}
		SccTeamFoundationServer = http://tfs:8080/tfs/clients
		SccLocalPath0 = .
		SccProjectUniqueName1 = KProcess.KSmed.Modelisation\\KPRocess.KSmed.Modelisation.modelproj
		SccProjectName1 = KProcess.KSmed.Modelisation
		SccLocalPath1 = KProcess.KSmed.Modelisation
	EndGlobalSection
	GlobalSection(SolutionConfigurationPlatforms) = preSolution
		Debug|Any CPU = Debug|Any CPU
		Release|Any CPU = Release|Any CPU
	EndGlobalSection
	GlobalSection(ProjectConfigurationPlatforms) = postSolution
		{B13EEA59-947F-46A7-89CB-BCA609F8123A}.Debug|Any CPU.ActiveCfg = Debug|Any CPU
		{B13EEA59-947F-46A7-89CB-BCA609F8123A}.Debug|Any CPU.Build.0 = Debug|Any CPU
		{B13EEA59-947F-46A7-89CB-BCA609F8123A}.Release|Any CPU.ActiveCfg = Release|Any CPU
		{B13EEA59-947F-46A7-89CB-BCA609F8123A}.Release|Any CPU.Build.0 = Release|Any CPU
	EndGlobalSection
	GlobalSection(SolutionProperties) = preSolution
		HideSolutionNode = FALSE
	EndGlobalSection
EndGlobal
